// !$*UTF8*$!
{
	archiveVersion = 1;
	classes = {
	};
	objectVersion = 50;
	objects = {

/* Begin PBXBuildFile section */
		0DFE4632E6408B3440B1DCCA /* Pods_fitsmeright.framework in Frameworks */ = {isa = PBXBuildFile; fileRef = 0B60CBC6408CBD54FA78D747 /* Pods_fitsmeright.framework */; };
		5E0900B421C2970A0099F81E /* RAMNonAnimation.swift in Sources */ = {isa = PBXBuildFile; fileRef = 5E0900B321C2970A0099F81E /* RAMNonAnimation.swift */; };
		5E0900B821C2B88B0099F81E /* CreatePostDesignVC.swift in Sources */ = {isa = PBXBuildFile; fileRef = 5E0900B721C2B88B0099F81E /* CreatePostDesignVC.swift */; };
		5E0900BA21C2B89B0099F81E /* CreatePostDesignVC.storyboard in Resources */ = {isa = PBXBuildFile; fileRef = 5E0900B921C2B89B0099F81E /* CreatePostDesignVC.storyboard */; };
		5E0900BD21C2B8B90099F81E /* CreatePostInfoVC.storyboard in Resources */ = {isa = PBXBuildFile; fileRef = 5E0900BC21C2B8B90099F81E /* CreatePostInfoVC.storyboard */; };
		5E0900BF21C2B8C50099F81E /* CreatePostInfoVC.swift in Sources */ = {isa = PBXBuildFile; fileRef = 5E0900BE21C2B8C50099F81E /* CreatePostInfoVC.swift */; };
		5E74D9FD21BBACA900A97A89 /* AppDelegate.swift in Sources */ = {isa = PBXBuildFile; fileRef = 5E74D9FC21BBACA900A97A89 /* AppDelegate.swift */; };
		5E74D9FF21BBACA900A97A89 /* ViewController.swift in Sources */ = {isa = PBXBuildFile; fileRef = 5E74D9FE21BBACA900A97A89 /* ViewController.swift */; };
		5E74DA0221BBACA900A97A89 /* Main.storyboard in Resources */ = {isa = PBXBuildFile; fileRef = 5E74DA0021BBACA900A97A89 /* Main.storyboard */; };
		5E74DA0421BBACAA00A97A89 /* Assets.xcassets in Resources */ = {isa = PBXBuildFile; fileRef = 5E74DA0321BBACAA00A97A89 /* Assets.xcassets */; };
		5E74DA0721BBACAA00A97A89 /* LaunchScreen.storyboard in Resources */ = {isa = PBXBuildFile; fileRef = 5E74DA0521BBACAA00A97A89 /* LaunchScreen.storyboard */; };
		5E74DA1221BBACAA00A97A89 /* fitsmerightTests.swift in Sources */ = {isa = PBXBuildFile; fileRef = 5E74DA1121BBACAA00A97A89 /* fitsmerightTests.swift */; };
		5E74DA1D21BBACAA00A97A89 /* fitsmerightUITests.swift in Sources */ = {isa = PBXBuildFile; fileRef = 5E74DA1C21BBACAA00A97A89 /* fitsmerightUITests.swift */; };
		5E74DA2D21BBCB9E00A97A89 /* SplashVC.swift in Sources */ = {isa = PBXBuildFile; fileRef = 5E74DA2C21BBCB9E00A97A89 /* SplashVC.swift */; };
		5E74DA4521BBD04300A97A89 /* SplashVC.storyboard in Resources */ = {isa = PBXBuildFile; fileRef = 5E74DA4421BBD04300A97A89 /* SplashVC.storyboard */; };
		5E74DA5321BBD0B100A97A89 /* TemplateV.swift in Sources */ = {isa = PBXBuildFile; fileRef = 5E74DA4721BBD0B100A97A89 /* TemplateV.swift */; };
		5E74DA5421BBD0B100A97A89 /* TemplateM.swift in Sources */ = {isa = PBXBuildFile; fileRef = 5E74DA4821BBD0B100A97A89 /* TemplateM.swift */; };
		5E74DA5521BBD0B100A97A89 /* TemplateCCA.swift in Sources */ = {isa = PBXBuildFile; fileRef = 5E74DA4A21BBD0B100A97A89 /* TemplateCCA.swift */; };
		5E74DA5621BBD0B100A97A89 /* TemplateCC.swift in Sources */ = {isa = PBXBuildFile; fileRef = 5E74DA4B21BBD0B100A97A89 /* TemplateCC.swift */; };
		5E74DA5721BBD0B100A97A89 /* TemplateVC.swift in Sources */ = {isa = PBXBuildFile; fileRef = 5E74DA4C21BBD0B100A97A89 /* TemplateVC.swift */; };
		5E74DA5821BBD0B100A97A89 /* TemplateVIP.swift in Sources */ = {isa = PBXBuildFile; fileRef = 5E74DA4D21BBD0B100A97A89 /* TemplateVIP.swift */; };
		5E74DA5921BBD0B100A97A89 /* TemplateProtocol.swift in Sources */ = {isa = PBXBuildFile; fileRef = 5E74DA4E21BBD0B100A97A89 /* TemplateProtocol.swift */; };
		5E74DA5A21BBD0B100A97A89 /* TemplateAFR.swift in Sources */ = {isa = PBXBuildFile; fileRef = 5E74DA5021BBD0B100A97A89 /* TemplateAFR.swift */; };
		5E74DA5B21BBD0B100A97A89 /* TemplateAFApi.swift in Sources */ = {isa = PBXBuildFile; fileRef = 5E74DA5121BBD0B100A97A89 /* TemplateAFApi.swift */; };
		5E74DA5C21BBD0B100A97A89 /* TemplateAFRM.swift in Sources */ = {isa = PBXBuildFile; fileRef = 5E74DA5221BBD0B100A97A89 /* TemplateAFRM.swift */; };
		5E74DA5E21BBD1F100A97A89 /* AGVCInstantiatable.swift in Sources */ = {isa = PBXBuildFile; fileRef = 5E74DA5D21BBD1F100A97A89 /* AGVCInstantiatable.swift */; };
		5E74DA6021BBD67600A97A89 /* UIWindow+AG.swift in Sources */ = {isa = PBXBuildFile; fileRef = 5E74DA5F21BBD67600A97A89 /* UIWindow+AG.swift */; };
		5E74DA6221BBD6AC00A97A89 /* CATransition+AG.swift in Sources */ = {isa = PBXBuildFile; fileRef = 5E74DA6121BBD6AC00A97A89 /* CATransition+AG.swift */; };
		5E74DA6421BBD7AB00A97A89 /* AGVC.swift in Sources */ = {isa = PBXBuildFile; fileRef = 5E74DA6321BBD7AB00A97A89 /* AGVC.swift */; };
		5E74DA6621BBD90800A97A89 /* AGObject.swift in Sources */ = {isa = PBXBuildFile; fileRef = 5E74DA6521BBD90800A97A89 /* AGObject.swift */; };
		5E74DA6821BBD9C000A97A89 /* Typealias+AG.swift in Sources */ = {isa = PBXBuildFile; fileRef = 5E74DA6721BBD9C000A97A89 /* Typealias+AG.swift */; };
		5E74DA6E21BBDAAC00A97A89 /* MainTBC.swift in Sources */ = {isa = PBXBuildFile; fileRef = 5E74DA6D21BBDAAC00A97A89 /* MainTBC.swift */; };
		5E74DA7021BBDAB300A97A89 /* FeedVC.swift in Sources */ = {isa = PBXBuildFile; fileRef = 5E74DA6F21BBDAB300A97A89 /* FeedVC.swift */; };
		5E74DA7321BBDABF00A97A89 /* ProfileVC.swift in Sources */ = {isa = PBXBuildFile; fileRef = 5E74DA7221BBDABF00A97A89 /* ProfileVC.swift */; };
		5E74DA7621BBDACC00A97A89 /* CreatePostVC.swift in Sources */ = {isa = PBXBuildFile; fileRef = 5E74DA7521BBDACC00A97A89 /* CreatePostVC.swift */; };
		5E74DA7821BBDADF00A97A89 /* MainTBC.storyboard in Resources */ = {isa = PBXBuildFile; fileRef = 5E74DA7721BBDADF00A97A89 /* MainTBC.storyboard */; };
		5E74DA7A21BBDB5200A97A89 /* FeedVC.storyboard in Resources */ = {isa = PBXBuildFile; fileRef = 5E74DA7921BBDB5200A97A89 /* FeedVC.storyboard */; };
		5E74DA7C21BBDB5E00A97A89 /* ProfileVC.storyboard in Resources */ = {isa = PBXBuildFile; fileRef = 5E74DA7B21BBDB5E00A97A89 /* ProfileVC.storyboard */; };
		5E74DA7E21BBDB6800A97A89 /* CreatePostVC.storyboard in Resources */ = {isa = PBXBuildFile; fileRef = 5E74DA7D21BBDB6800A97A89 /* CreatePostVC.storyboard */; };
		5E74DA8021BBF7D700A97A89 /* R.swift in Sources */ = {isa = PBXBuildFile; fileRef = 5E74DA7F21BBF7D700A97A89 /* R.swift */; };
		5E74DA8421BBF94B00A97A89 /* UINavigationController+AG.swift in Sources */ = {isa = PBXBuildFile; fileRef = 5E74DA8321BBF94B00A97A89 /* UINavigationController+AG.swift */; };
		5E74DA8621BBFC6700A97A89 /* UIImagePickerController+AG.swift in Sources */ = {isa = PBXBuildFile; fileRef = 5E74DA8521BBFC6700A97A89 /* UIImagePickerController+AG.swift */; };
		5EC21D5521F60B1D0013157F /* ClosetMenuView.swift in Sources */ = {isa = PBXBuildFile; fileRef = 5EC21D5421F60B1D0013157F /* ClosetMenuView.swift */; };
		5EC21D5721F60B290013157F /* ClosetMenuView.xib in Resources */ = {isa = PBXBuildFile; fileRef = 5EC21D5621F60B290013157F /* ClosetMenuView.xib */; };
		5EC21D5B21F61A1C0013157F /* ClosetDetailVC.storyboard in Resources */ = {isa = PBXBuildFile; fileRef = 5EC21D5A21F61A1C0013157F /* ClosetDetailVC.storyboard */; };
		5EE8923B21C3E566008A65ED /* ClosetVC.swift in Sources */ = {isa = PBXBuildFile; fileRef = 5EE8923A21C3E566008A65ED /* ClosetVC.swift */; };
		5EE8923D21C3E572008A65ED /* ClosetVC.storyboard in Resources */ = {isa = PBXBuildFile; fileRef = 5EE8923C21C3E572008A65ED /* ClosetVC.storyboard */; };
		5EE8924121C3E615008A65ED /* ClosetDetailVC.swift in Sources */ = {isa = PBXBuildFile; fileRef = 5EE8924021C3E615008A65ED /* ClosetDetailVC.swift */; };
		5EE8924821C3EB69008A65ED /* UIView+AG.swift in Sources */ = {isa = PBXBuildFile; fileRef = 5EE8924721C3EB69008A65ED /* UIView+AG.swift */; };
		5EE8924B21C3F26F008A65ED /* CreateTextView.swift in Sources */ = {isa = PBXBuildFile; fileRef = 5EE8924A21C3F26F008A65ED /* CreateTextView.swift */; };
		5EE8924D21C3F276008A65ED /* CreateTextView.xib in Resources */ = {isa = PBXBuildFile; fileRef = 5EE8924C21C3F276008A65ED /* CreateTextView.xib */; };
		5EE8925821C40958008A65ED /* AGEntity.swift in Sources */ = {isa = PBXBuildFile; fileRef = 5EE8925721C40958008A65ED /* AGEntity.swift */; };
		6B93C7E7F1C1881D5030DBE8 /* Pods_fitsmerightTests.framework in Frameworks */ = {isa = PBXBuildFile; fileRef = 5B34B9F8A3E854F921D23C20 /* Pods_fitsmerightTests.framework */; };
		A408A4D121BEB4970030F2F5 /* UIBarButtonItem +AG.swift in Sources */ = {isa = PBXBuildFile; fileRef = A408A4D021BEB4970030F2F5 /* UIBarButtonItem +AG.swift */; };
		A42F7C4E21BE321300085DB5 /* README.md in Resources */ = {isa = PBXBuildFile; fileRef = A42F7C4D21BE321300085DB5 /* README.md */; };
		A42F7C5621BE567D00085DB5 /* AGDefaults.swift in Sources */ = {isa = PBXBuildFile; fileRef = A42F7C5521BE567D00085DB5 /* AGDefaults.swift */; };
		A42F7C5821BE56AC00085DB5 /* AGDefaultsFoundation.swift in Sources */ = {isa = PBXBuildFile; fileRef = A42F7C5721BE56AC00085DB5 /* AGDefaultsFoundation.swift */; };
		A42F7C5A21BE56D800085DB5 /* AGDefaultsCodable.swift in Sources */ = {isa = PBXBuildFile; fileRef = A42F7C5921BE56D800085DB5 /* AGDefaultsCodable.swift */; };
		A42F7C5C21BE597100085DB5 /* AGApplicationSetup.swift in Sources */ = {isa = PBXBuildFile; fileRef = A42F7C5B21BE597100085DB5 /* AGApplicationSetup.swift */; };
		A42F7C5E21BE5B4B00085DB5 /* AGApplicationRoutable.swift in Sources */ = {isa = PBXBuildFile; fileRef = A42F7C5D21BE5B4B00085DB5 /* AGApplicationRoutable.swift */; };
		A42F7C6221BE5BD100085DB5 /* AGApplicationWindow.swift in Sources */ = {isa = PBXBuildFile; fileRef = A42F7C6121BE5BD100085DB5 /* AGApplicationWindow.swift */; };
		A42F7C6521BE621300085DB5 /* BlankVC.swift in Sources */ = {isa = PBXBuildFile; fileRef = A42F7C6421BE621300085DB5 /* BlankVC.swift */; };
		A42F7C6721BE621C00085DB5 /* BlankVC.storyboard in Resources */ = {isa = PBXBuildFile; fileRef = A42F7C6621BE621C00085DB5 /* BlankVC.storyboard */; };
		A42F7C6921BE71FB00085DB5 /* UINavigationBar+AG.swift in Sources */ = {isa = PBXBuildFile; fileRef = A42F7C6821BE71FB00085DB5 /* UINavigationBar+AG.swift */; };
		A42F7C6D21BE768A00085DB5 /* BlankTVC.swift in Sources */ = {isa = PBXBuildFile; fileRef = A42F7C6C21BE768A00085DB5 /* BlankTVC.swift */; };
		A42F7C6F21BE76A200085DB5 /* BlankTVC.storyboard in Resources */ = {isa = PBXBuildFile; fileRef = A42F7C6E21BE76A200085DB5 /* BlankTVC.storyboard */; };
		A42F7C7121BE7B7300085DB5 /* UIImage+AG.swift in Sources */ = {isa = PBXBuildFile; fileRef = A42F7C7021BE7B7300085DB5 /* UIImage+AG.swift */; };
		A42F7C7321BE815500085DB5 /* UIApplication+AG.swift in Sources */ = {isa = PBXBuildFile; fileRef = A42F7C7221BE815500085DB5 /* UIApplication+AG.swift */; };
		A4796C9521F5DC0100B83F85 /* UIColor+AG.swift in Sources */ = {isa = PBXBuildFile; fileRef = A4796C9421F5DC0100B83F85 /* UIColor+AG.swift */; };
		A4796C9721F5DCEC00B83F85 /* MockPost.swift in Sources */ = {isa = PBXBuildFile; fileRef = A4796C9621F5DCEB00B83F85 /* MockPost.swift */; };
		A4796C9821F5DD1D00B83F85 /* CreatePostView.swift in Sources */ = {isa = PBXBuildFile; fileRef = 5EE8924321C3E6DD008A65ED /* CreatePostView.swift */; };
		A4796C9921F5DD1D00B83F85 /* CreatePostView.xib in Resources */ = {isa = PBXBuildFile; fileRef = 5EE8924521C3E714008A65ED /* CreatePostView.xib */; };
		A4796C9A21F5DD1D00B83F85 /* PostView.swift in Sources */ = {isa = PBXBuildFile; fileRef = 5EE8925921C411DC008A65ED /* PostView.swift */; };
		A4796C9B21F5DD1D00B83F85 /* PostView.xib in Resources */ = {isa = PBXBuildFile; fileRef = 5EE8925B21C411E3008A65ED /* PostView.xib */; };
		A4796C9D21F5DD7000B83F85 /* CGSize+AG.swift in Sources */ = {isa = PBXBuildFile; fileRef = A4796C9C21F5DD7000B83F85 /* CGSize+AG.swift */; };
		A4D6584C21BF63B9007B8558 /* UITabbarController+AG.swift in Sources */ = {isa = PBXBuildFile; fileRef = A4D6584B21BF63B9007B8558 /* UITabbarController+AG.swift */; };
		A4D6584E21BF651F007B8558 /* UITabBar+AG.swift in Sources */ = {isa = PBXBuildFile; fileRef = A4D6584D21BF651F007B8558 /* UITabBar+AG.swift */; };
		A4D6585021BF6D9D007B8558 /* RAMAnimatedTabBarItem+AG.swift in Sources */ = {isa = PBXBuildFile; fileRef = A4D6584F21BF6D9D007B8558 /* RAMAnimatedTabBarItem+AG.swift */; };
		A4D6585521BF7460007B8558 /* AGImagePickerController.swift in Sources */ = {isa = PBXBuildFile; fileRef = A4D6585421BF7460007B8558 /* AGImagePickerController.swift */; };
		A4D6585921BF7DF2007B8558 /* AttachmentHandler.swift in Sources */ = {isa = PBXBuildFile; fileRef = A4D6585821BF7DF2007B8558 /* AttachmentHandler.swift */; };
		A4E31D8321C28B83004D1707 /* AGUserDefaults.swift in Sources */ = {isa = PBXBuildFile; fileRef = A4E31D8221C28B83004D1707 /* AGUserDefaults.swift */; };
		A4E31D8721C28BA9004D1707 /* FMUserDefaults.swift in Sources */ = {isa = PBXBuildFile; fileRef = A4E31D8621C28BA9004D1707 /* FMUserDefaults.swift */; };
		DF2C096536742865E4346DE8 /* Pods_fitsmerightUITests.framework in Frameworks */ = {isa = PBXBuildFile; fileRef = 41EC81EF460A825BE1F780A3 /* Pods_fitsmerightUITests.framework */; };
/* End PBXBuildFile section */

/* Begin PBXContainerItemProxy section */
		5E74DA0E21BBACAA00A97A89 /* PBXContainerItemProxy */ = {
			isa = PBXContainerItemProxy;
			containerPortal = 5E74D9F121BBACA900A97A89 /* Project object */;
			proxyType = 1;
			remoteGlobalIDString = 5E74D9F821BBACA900A97A89;
			remoteInfo = fitsmeright;
		};
		5E74DA1921BBACAA00A97A89 /* PBXContainerItemProxy */ = {
			isa = PBXContainerItemProxy;
			containerPortal = 5E74D9F121BBACA900A97A89 /* Project object */;
			proxyType = 1;
			remoteGlobalIDString = 5E74D9F821BBACA900A97A89;
			remoteInfo = fitsmeright;
		};
/* End PBXContainerItemProxy section */

/* Begin PBXFileReference section */
		0B60CBC6408CBD54FA78D747 /* Pods_fitsmeright.framework */ = {isa = PBXFileReference; explicitFileType = wrapper.framework; includeInIndex = 0; path = Pods_fitsmeright.framework; sourceTree = BUILT_PRODUCTS_DIR; };
		41EC81EF460A825BE1F780A3 /* Pods_fitsmerightUITests.framework */ = {isa = PBXFileReference; explicitFileType = wrapper.framework; includeInIndex = 0; path = Pods_fitsmerightUITests.framework; sourceTree = BUILT_PRODUCTS_DIR; };
		5B34B9F8A3E854F921D23C20 /* Pods_fitsmerightTests.framework */ = {isa = PBXFileReference; explicitFileType = wrapper.framework; includeInIndex = 0; path = Pods_fitsmerightTests.framework; sourceTree = BUILT_PRODUCTS_DIR; };
		5E0900B321C2970A0099F81E /* RAMNonAnimation.swift */ = {isa = PBXFileReference; lastKnownFileType = sourcecode.swift; path = RAMNonAnimation.swift; sourceTree = "<group>"; };
		5E0900B721C2B88B0099F81E /* CreatePostDesignVC.swift */ = {isa = PBXFileReference; lastKnownFileType = sourcecode.swift; path = CreatePostDesignVC.swift; sourceTree = "<group>"; };
		5E0900B921C2B89B0099F81E /* CreatePostDesignVC.storyboard */ = {isa = PBXFileReference; lastKnownFileType = file.storyboard; path = CreatePostDesignVC.storyboard; sourceTree = "<group>"; };
		5E0900BC21C2B8B90099F81E /* CreatePostInfoVC.storyboard */ = {isa = PBXFileReference; lastKnownFileType = file.storyboard; path = CreatePostInfoVC.storyboard; sourceTree = "<group>"; };
		5E0900BE21C2B8C50099F81E /* CreatePostInfoVC.swift */ = {isa = PBXFileReference; lastKnownFileType = sourcecode.swift; path = CreatePostInfoVC.swift; sourceTree = "<group>"; };
		5E74D9F921BBACA900A97A89 /* fitsmeright.app */ = {isa = PBXFileReference; explicitFileType = wrapper.application; includeInIndex = 0; path = fitsmeright.app; sourceTree = BUILT_PRODUCTS_DIR; };
		5E74D9FC21BBACA900A97A89 /* AppDelegate.swift */ = {isa = PBXFileReference; lastKnownFileType = sourcecode.swift; path = AppDelegate.swift; sourceTree = "<group>"; };
		5E74D9FE21BBACA900A97A89 /* ViewController.swift */ = {isa = PBXFileReference; lastKnownFileType = sourcecode.swift; path = ViewController.swift; sourceTree = "<group>"; };
		5E74DA0121BBACA900A97A89 /* Base */ = {isa = PBXFileReference; lastKnownFileType = file.storyboard; name = Base; path = Base.lproj/Main.storyboard; sourceTree = "<group>"; };
		5E74DA0321BBACAA00A97A89 /* Assets.xcassets */ = {isa = PBXFileReference; lastKnownFileType = folder.assetcatalog; path = Assets.xcassets; sourceTree = "<group>"; };
		5E74DA0621BBACAA00A97A89 /* Base */ = {isa = PBXFileReference; lastKnownFileType = file.storyboard; name = Base; path = Base.lproj/LaunchScreen.storyboard; sourceTree = "<group>"; };
		5E74DA0821BBACAA00A97A89 /* Info.plist */ = {isa = PBXFileReference; lastKnownFileType = text.plist.xml; path = Info.plist; sourceTree = "<group>"; };
		5E74DA0D21BBACAA00A97A89 /* fitsmerightTests.xctest */ = {isa = PBXFileReference; explicitFileType = wrapper.cfbundle; includeInIndex = 0; path = fitsmerightTests.xctest; sourceTree = BUILT_PRODUCTS_DIR; };
		5E74DA1121BBACAA00A97A89 /* fitsmerightTests.swift */ = {isa = PBXFileReference; lastKnownFileType = sourcecode.swift; path = fitsmerightTests.swift; sourceTree = "<group>"; };
		5E74DA1321BBACAA00A97A89 /* Info.plist */ = {isa = PBXFileReference; lastKnownFileType = text.plist.xml; path = Info.plist; sourceTree = "<group>"; };
		5E74DA1821BBACAA00A97A89 /* fitsmerightUITests.xctest */ = {isa = PBXFileReference; explicitFileType = wrapper.cfbundle; includeInIndex = 0; path = fitsmerightUITests.xctest; sourceTree = BUILT_PRODUCTS_DIR; };
		5E74DA1C21BBACAA00A97A89 /* fitsmerightUITests.swift */ = {isa = PBXFileReference; lastKnownFileType = sourcecode.swift; path = fitsmerightUITests.swift; sourceTree = "<group>"; };
		5E74DA1E21BBACAA00A97A89 /* Info.plist */ = {isa = PBXFileReference; lastKnownFileType = text.plist.xml; path = Info.plist; sourceTree = "<group>"; };
		5E74DA2C21BBCB9E00A97A89 /* SplashVC.swift */ = {isa = PBXFileReference; lastKnownFileType = sourcecode.swift; path = SplashVC.swift; sourceTree = "<group>"; };
		5E74DA4421BBD04300A97A89 /* SplashVC.storyboard */ = {isa = PBXFileReference; lastKnownFileType = file.storyboard; path = SplashVC.storyboard; sourceTree = "<group>"; };
		5E74DA4721BBD0B100A97A89 /* TemplateV.swift */ = {isa = PBXFileReference; fileEncoding = 4; lastKnownFileType = sourcecode.swift; path = TemplateV.swift; sourceTree = "<group>"; };
		5E74DA4821BBD0B100A97A89 /* TemplateM.swift */ = {isa = PBXFileReference; fileEncoding = 4; lastKnownFileType = sourcecode.swift; path = TemplateM.swift; sourceTree = "<group>"; };
		5E74DA4A21BBD0B100A97A89 /* TemplateCCA.swift */ = {isa = PBXFileReference; fileEncoding = 4; lastKnownFileType = sourcecode.swift; path = TemplateCCA.swift; sourceTree = "<group>"; };
		5E74DA4B21BBD0B100A97A89 /* TemplateCC.swift */ = {isa = PBXFileReference; fileEncoding = 4; lastKnownFileType = sourcecode.swift; path = TemplateCC.swift; sourceTree = "<group>"; };
		5E74DA4C21BBD0B100A97A89 /* TemplateVC.swift */ = {isa = PBXFileReference; fileEncoding = 4; lastKnownFileType = sourcecode.swift; path = TemplateVC.swift; sourceTree = "<group>"; };
		5E74DA4D21BBD0B100A97A89 /* TemplateVIP.swift */ = {isa = PBXFileReference; fileEncoding = 4; lastKnownFileType = sourcecode.swift; path = TemplateVIP.swift; sourceTree = "<group>"; };
		5E74DA4E21BBD0B100A97A89 /* TemplateProtocol.swift */ = {isa = PBXFileReference; fileEncoding = 4; lastKnownFileType = sourcecode.swift; path = TemplateProtocol.swift; sourceTree = "<group>"; };
		5E74DA5021BBD0B100A97A89 /* TemplateAFR.swift */ = {isa = PBXFileReference; fileEncoding = 4; lastKnownFileType = sourcecode.swift; path = TemplateAFR.swift; sourceTree = "<group>"; };
		5E74DA5121BBD0B100A97A89 /* TemplateAFApi.swift */ = {isa = PBXFileReference; fileEncoding = 4; lastKnownFileType = sourcecode.swift; path = TemplateAFApi.swift; sourceTree = "<group>"; };
		5E74DA5221BBD0B100A97A89 /* TemplateAFRM.swift */ = {isa = PBXFileReference; fileEncoding = 4; lastKnownFileType = sourcecode.swift; path = TemplateAFRM.swift; sourceTree = "<group>"; };
		5E74DA5D21BBD1F100A97A89 /* AGVCInstantiatable.swift */ = {isa = PBXFileReference; fileEncoding = 4; lastKnownFileType = sourcecode.swift; path = AGVCInstantiatable.swift; sourceTree = "<group>"; };
		5E74DA5F21BBD67600A97A89 /* UIWindow+AG.swift */ = {isa = PBXFileReference; lastKnownFileType = sourcecode.swift; path = "UIWindow+AG.swift"; sourceTree = "<group>"; };
		5E74DA6121BBD6AC00A97A89 /* CATransition+AG.swift */ = {isa = PBXFileReference; lastKnownFileType = sourcecode.swift; path = "CATransition+AG.swift"; sourceTree = "<group>"; };
		5E74DA6321BBD7AB00A97A89 /* AGVC.swift */ = {isa = PBXFileReference; lastKnownFileType = sourcecode.swift; path = AGVC.swift; sourceTree = "<group>"; };
		5E74DA6521BBD90800A97A89 /* AGObject.swift */ = {isa = PBXFileReference; lastKnownFileType = sourcecode.swift; path = AGObject.swift; sourceTree = "<group>"; };
		5E74DA6721BBD9C000A97A89 /* Typealias+AG.swift */ = {isa = PBXFileReference; lastKnownFileType = sourcecode.swift; path = "Typealias+AG.swift"; sourceTree = "<group>"; };
		5E74DA6D21BBDAAC00A97A89 /* MainTBC.swift */ = {isa = PBXFileReference; lastKnownFileType = sourcecode.swift; path = MainTBC.swift; sourceTree = "<group>"; };
		5E74DA6F21BBDAB300A97A89 /* FeedVC.swift */ = {isa = PBXFileReference; lastKnownFileType = sourcecode.swift; path = FeedVC.swift; sourceTree = "<group>"; };
		5E74DA7221BBDABF00A97A89 /* ProfileVC.swift */ = {isa = PBXFileReference; lastKnownFileType = sourcecode.swift; path = ProfileVC.swift; sourceTree = "<group>"; };
		5E74DA7521BBDACC00A97A89 /* CreatePostVC.swift */ = {isa = PBXFileReference; lastKnownFileType = sourcecode.swift; path = CreatePostVC.swift; sourceTree = "<group>"; };
		5E74DA7721BBDADF00A97A89 /* MainTBC.storyboard */ = {isa = PBXFileReference; lastKnownFileType = file.storyboard; path = MainTBC.storyboard; sourceTree = "<group>"; };
		5E74DA7921BBDB5200A97A89 /* FeedVC.storyboard */ = {isa = PBXFileReference; lastKnownFileType = file.storyboard; path = FeedVC.storyboard; sourceTree = "<group>"; };
		5E74DA7B21BBDB5E00A97A89 /* ProfileVC.storyboard */ = {isa = PBXFileReference; lastKnownFileType = file.storyboard; path = ProfileVC.storyboard; sourceTree = "<group>"; };
		5E74DA7D21BBDB6800A97A89 /* CreatePostVC.storyboard */ = {isa = PBXFileReference; lastKnownFileType = file.storyboard; path = CreatePostVC.storyboard; sourceTree = "<group>"; };
		5E74DA7F21BBF7D700A97A89 /* R.swift */ = {isa = PBXFileReference; lastKnownFileType = sourcecode.swift; path = R.swift; sourceTree = "<group>"; };
		5E74DA8321BBF94B00A97A89 /* UINavigationController+AG.swift */ = {isa = PBXFileReference; lastKnownFileType = sourcecode.swift; path = "UINavigationController+AG.swift"; sourceTree = "<group>"; };
		5E74DA8521BBFC6700A97A89 /* UIImagePickerController+AG.swift */ = {isa = PBXFileReference; lastKnownFileType = sourcecode.swift; path = "UIImagePickerController+AG.swift"; sourceTree = "<group>"; };
		5EC21D5421F60B1D0013157F /* ClosetMenuView.swift */ = {isa = PBXFileReference; lastKnownFileType = sourcecode.swift; path = ClosetMenuView.swift; sourceTree = "<group>"; };
		5EC21D5621F60B290013157F /* ClosetMenuView.xib */ = {isa = PBXFileReference; lastKnownFileType = file.xib; path = ClosetMenuView.xib; sourceTree = "<group>"; };
		5EC21D5A21F61A1C0013157F /* ClosetDetailVC.storyboard */ = {isa = PBXFileReference; lastKnownFileType = file.storyboard; path = ClosetDetailVC.storyboard; sourceTree = "<group>"; };
		5EE8923A21C3E566008A65ED /* ClosetVC.swift */ = {isa = PBXFileReference; lastKnownFileType = sourcecode.swift; path = ClosetVC.swift; sourceTree = "<group>"; };
		5EE8923C21C3E572008A65ED /* ClosetVC.storyboard */ = {isa = PBXFileReference; lastKnownFileType = file.storyboard; path = ClosetVC.storyboard; sourceTree = "<group>"; };
		5EE8924021C3E615008A65ED /* ClosetDetailVC.swift */ = {isa = PBXFileReference; lastKnownFileType = sourcecode.swift; path = ClosetDetailVC.swift; sourceTree = "<group>"; };
		5EE8924321C3E6DD008A65ED /* CreatePostView.swift */ = {isa = PBXFileReference; lastKnownFileType = sourcecode.swift; path = CreatePostView.swift; sourceTree = "<group>"; };
		5EE8924521C3E714008A65ED /* CreatePostView.xib */ = {isa = PBXFileReference; lastKnownFileType = file.xib; path = CreatePostView.xib; sourceTree = "<group>"; };
		5EE8924721C3EB69008A65ED /* UIView+AG.swift */ = {isa = PBXFileReference; lastKnownFileType = sourcecode.swift; name = "UIView+AG.swift"; path = "../Extensions/UIView+AG.swift"; sourceTree = "<group>"; };
		5EE8924A21C3F26F008A65ED /* CreateTextView.swift */ = {isa = PBXFileReference; lastKnownFileType = sourcecode.swift; path = CreateTextView.swift; sourceTree = "<group>"; };
		5EE8924C21C3F276008A65ED /* CreateTextView.xib */ = {isa = PBXFileReference; lastKnownFileType = file.xib; path = CreateTextView.xib; sourceTree = "<group>"; };
		5EE8925221C408B8008A65ED /* Post.swift */ = {isa = PBXFileReference; lastKnownFileType = sourcecode.swift; name = Post.swift; path = fitsmeright/Resources/Layouts/V/Post.swift; sourceTree = SOURCE_ROOT; };
		5EE8925521C408CF008A65ED /* MockPost.swift */ = {isa = PBXFileReference; lastKnownFileType = sourcecode.swift; path = MockPost.swift; sourceTree = "<group>"; };
		5EE8925721C40958008A65ED /* AGEntity.swift */ = {isa = PBXFileReference; lastKnownFileType = sourcecode.swift; path = AGEntity.swift; sourceTree = "<group>"; };
		5EE8925921C411DC008A65ED /* PostView.swift */ = {isa = PBXFileReference; lastKnownFileType = sourcecode.swift; path = PostView.swift; sourceTree = "<group>"; };
		5EE8925B21C411E3008A65ED /* PostView.xib */ = {isa = PBXFileReference; lastKnownFileType = file.xib; path = PostView.xib; sourceTree = "<group>"; };
		72AF5AC3A3815243CAE96B6A /* Pods-fitsmerightTests.release.xcconfig */ = {isa = PBXFileReference; includeInIndex = 1; lastKnownFileType = text.xcconfig; name = "Pods-fitsmerightTests.release.xcconfig"; path = "Pods/Target Support Files/Pods-fitsmerightTests/Pods-fitsmerightTests.release.xcconfig"; sourceTree = "<group>"; };
		9F8B67DFD7CF11E3D630A0C0 /* Pods-fitsmeright.debug.xcconfig */ = {isa = PBXFileReference; includeInIndex = 1; lastKnownFileType = text.xcconfig; name = "Pods-fitsmeright.debug.xcconfig"; path = "Pods/Target Support Files/Pods-fitsmeright/Pods-fitsmeright.debug.xcconfig"; sourceTree = "<group>"; };
		A408A4D021BEB4970030F2F5 /* UIBarButtonItem +AG.swift */ = {isa = PBXFileReference; lastKnownFileType = sourcecode.swift; path = "UIBarButtonItem +AG.swift"; sourceTree = "<group>"; };
		A42F7C4D21BE321300085DB5 /* README.md */ = {isa = PBXFileReference; fileEncoding = 4; lastKnownFileType = net.daringfireball.markdown; path = README.md; sourceTree = "<group>"; };
		A42F7C5521BE567D00085DB5 /* AGDefaults.swift */ = {isa = PBXFileReference; lastKnownFileType = sourcecode.swift; path = AGDefaults.swift; sourceTree = "<group>"; };
		A42F7C5721BE56AC00085DB5 /* AGDefaultsFoundation.swift */ = {isa = PBXFileReference; lastKnownFileType = sourcecode.swift; path = AGDefaultsFoundation.swift; sourceTree = "<group>"; };
		A42F7C5921BE56D800085DB5 /* AGDefaultsCodable.swift */ = {isa = PBXFileReference; lastKnownFileType = sourcecode.swift; path = AGDefaultsCodable.swift; sourceTree = "<group>"; };
		A42F7C5B21BE597100085DB5 /* AGApplicationSetup.swift */ = {isa = PBXFileReference; lastKnownFileType = sourcecode.swift; path = AGApplicationSetup.swift; sourceTree = "<group>"; };
		A42F7C5D21BE5B4B00085DB5 /* AGApplicationRoutable.swift */ = {isa = PBXFileReference; lastKnownFileType = sourcecode.swift; path = AGApplicationRoutable.swift; sourceTree = "<group>"; };
		A42F7C6121BE5BD100085DB5 /* AGApplicationWindow.swift */ = {isa = PBXFileReference; lastKnownFileType = sourcecode.swift; path = AGApplicationWindow.swift; sourceTree = "<group>"; };
		A42F7C6421BE621300085DB5 /* BlankVC.swift */ = {isa = PBXFileReference; lastKnownFileType = sourcecode.swift; path = BlankVC.swift; sourceTree = "<group>"; };
		A42F7C6621BE621C00085DB5 /* BlankVC.storyboard */ = {isa = PBXFileReference; lastKnownFileType = file.storyboard; path = BlankVC.storyboard; sourceTree = "<group>"; };
		A42F7C6821BE71FB00085DB5 /* UINavigationBar+AG.swift */ = {isa = PBXFileReference; lastKnownFileType = sourcecode.swift; path = "UINavigationBar+AG.swift"; sourceTree = "<group>"; };
		A42F7C6C21BE768A00085DB5 /* BlankTVC.swift */ = {isa = PBXFileReference; lastKnownFileType = sourcecode.swift; path = BlankTVC.swift; sourceTree = "<group>"; };
		A42F7C6E21BE76A200085DB5 /* BlankTVC.storyboard */ = {isa = PBXFileReference; lastKnownFileType = file.storyboard; path = BlankTVC.storyboard; sourceTree = "<group>"; };
		A42F7C7021BE7B7300085DB5 /* UIImage+AG.swift */ = {isa = PBXFileReference; lastKnownFileType = sourcecode.swift; path = "UIImage+AG.swift"; sourceTree = "<group>"; };
		A42F7C7221BE815500085DB5 /* UIApplication+AG.swift */ = {isa = PBXFileReference; lastKnownFileType = sourcecode.swift; path = "UIApplication+AG.swift"; sourceTree = "<group>"; };
		A4796C9421F5DC0100B83F85 /* UIColor+AG.swift */ = {isa = PBXFileReference; lastKnownFileType = sourcecode.swift; path = "UIColor+AG.swift"; sourceTree = "<group>"; };
		A4796C9621F5DCEB00B83F85 /* MockPost.swift */ = {isa = PBXFileReference; fileEncoding = 4; lastKnownFileType = sourcecode.swift; path = MockPost.swift; sourceTree = "<group>"; };
		A4796C9C21F5DD7000B83F85 /* CGSize+AG.swift */ = {isa = PBXFileReference; lastKnownFileType = sourcecode.swift; path = "CGSize+AG.swift"; sourceTree = "<group>"; };
		A4D6584B21BF63B9007B8558 /* UITabbarController+AG.swift */ = {isa = PBXFileReference; lastKnownFileType = sourcecode.swift; path = "UITabbarController+AG.swift"; sourceTree = "<group>"; };
		A4D6584D21BF651F007B8558 /* UITabBar+AG.swift */ = {isa = PBXFileReference; lastKnownFileType = sourcecode.swift; path = "UITabBar+AG.swift"; sourceTree = "<group>"; };
		A4D6584F21BF6D9D007B8558 /* RAMAnimatedTabBarItem+AG.swift */ = {isa = PBXFileReference; lastKnownFileType = sourcecode.swift; path = "RAMAnimatedTabBarItem+AG.swift"; sourceTree = "<group>"; };
		A4D6585421BF7460007B8558 /* AGImagePickerController.swift */ = {isa = PBXFileReference; lastKnownFileType = sourcecode.swift; path = AGImagePickerController.swift; sourceTree = "<group>"; };
		A4D6585821BF7DF2007B8558 /* AttachmentHandler.swift */ = {isa = PBXFileReference; lastKnownFileType = sourcecode.swift; path = AttachmentHandler.swift; sourceTree = "<group>"; };
		A4E31D8221C28B83004D1707 /* AGUserDefaults.swift */ = {isa = PBXFileReference; lastKnownFileType = sourcecode.swift; path = AGUserDefaults.swift; sourceTree = "<group>"; };
		A4E31D8621C28BA9004D1707 /* FMUserDefaults.swift */ = {isa = PBXFileReference; lastKnownFileType = sourcecode.swift; path = FMUserDefaults.swift; sourceTree = "<group>"; };
		B4DF961751964A701D834B17 /* Pods-fitsmerightUITests.debug.xcconfig */ = {isa = PBXFileReference; includeInIndex = 1; lastKnownFileType = text.xcconfig; name = "Pods-fitsmerightUITests.debug.xcconfig"; path = "Pods/Target Support Files/Pods-fitsmerightUITests/Pods-fitsmerightUITests.debug.xcconfig"; sourceTree = "<group>"; };
		C9E7AEF286ED84FFE2C27408 /* Pods-fitsmerightUITests.release.xcconfig */ = {isa = PBXFileReference; includeInIndex = 1; lastKnownFileType = text.xcconfig; name = "Pods-fitsmerightUITests.release.xcconfig"; path = "Pods/Target Support Files/Pods-fitsmerightUITests/Pods-fitsmerightUITests.release.xcconfig"; sourceTree = "<group>"; };
		D0D96E61070E66C43686F795 /* Pods-fitsmerightTests.debug.xcconfig */ = {isa = PBXFileReference; includeInIndex = 1; lastKnownFileType = text.xcconfig; name = "Pods-fitsmerightTests.debug.xcconfig"; path = "Pods/Target Support Files/Pods-fitsmerightTests/Pods-fitsmerightTests.debug.xcconfig"; sourceTree = "<group>"; };
		F463E3587240B38E43DD39AC /* Pods-fitsmeright.release.xcconfig */ = {isa = PBXFileReference; includeInIndex = 1; lastKnownFileType = text.xcconfig; name = "Pods-fitsmeright.release.xcconfig"; path = "Pods/Target Support Files/Pods-fitsmeright/Pods-fitsmeright.release.xcconfig"; sourceTree = "<group>"; };
/* End PBXFileReference section */

/* Begin PBXFrameworksBuildPhase section */
		5E74D9F621BBACA900A97A89 /* Frameworks */ = {
			isa = PBXFrameworksBuildPhase;
			buildActionMask = 2147483647;
			files = (
				0DFE4632E6408B3440B1DCCA /* Pods_fitsmeright.framework in Frameworks */,
			);
			runOnlyForDeploymentPostprocessing = 0;
		};
		5E74DA0A21BBACAA00A97A89 /* Frameworks */ = {
			isa = PBXFrameworksBuildPhase;
			buildActionMask = 2147483647;
			files = (
				6B93C7E7F1C1881D5030DBE8 /* Pods_fitsmerightTests.framework in Frameworks */,
			);
			runOnlyForDeploymentPostprocessing = 0;
		};
		5E74DA1521BBACAA00A97A89 /* Frameworks */ = {
			isa = PBXFrameworksBuildPhase;
			buildActionMask = 2147483647;
			files = (
				DF2C096536742865E4346DE8 /* Pods_fitsmerightUITests.framework in Frameworks */,
			);
			runOnlyForDeploymentPostprocessing = 0;
		};
/* End PBXFrameworksBuildPhase section */

/* Begin PBXGroup section */
		5E0900B221C296F10099F81E /* TabBatItem */ = {
			isa = PBXGroup;
			children = (
				5E0900B321C2970A0099F81E /* RAMNonAnimation.swift */,
			);
			path = TabBatItem;
			sourceTree = "<group>";
		};
		5E0900B521C2B7AF0099F81E /* CreatePost */ = {
			isa = PBXGroup;
			children = (
				5E74DA6C21BBDA2000A97A89 /* CreatePostVC */,
				5E0900B621C2B8340099F81E /* CreatePostDesignVC */,
				5E0900BB21C2B8A60099F81E /* CreatePostInfoVC */,
			);
			path = CreatePost;
			sourceTree = "<group>";
		};
		5E0900B621C2B8340099F81E /* CreatePostDesignVC */ = {
			isa = PBXGroup;
			children = (
				5E0900B721C2B88B0099F81E /* CreatePostDesignVC.swift */,
				5E0900B921C2B89B0099F81E /* CreatePostDesignVC.storyboard */,
			);
			path = CreatePostDesignVC;
			sourceTree = "<group>";
		};
		5E0900BB21C2B8A60099F81E /* CreatePostInfoVC */ = {
			isa = PBXGroup;
			children = (
				5E0900BC21C2B8B90099F81E /* CreatePostInfoVC.storyboard */,
				5E0900BE21C2B8C50099F81E /* CreatePostInfoVC.swift */,
			);
			path = CreatePostInfoVC;
			sourceTree = "<group>";
		};
		5E74D9F021BBACA900A97A89 = {
			isa = PBXGroup;
			children = (
				A42F7C4D21BE321300085DB5 /* README.md */,
				5E74DA4621BBD0B100A97A89 /* Template */,
				5E74D9FB21BBACA900A97A89 /* fitsmeright */,
				5E74DA1021BBACAA00A97A89 /* fitsmerightTests */,
				5E74DA1B21BBACAA00A97A89 /* fitsmerightUITests */,
				5E74D9FA21BBACA900A97A89 /* Products */,
				BFEBE934894A69D85645C256 /* Pods */,
				DE01D8EAEF4FEDF0EE92D652 /* Frameworks */,
			);
			sourceTree = "<group>";
		};
		5E74D9FA21BBACA900A97A89 /* Products */ = {
			isa = PBXGroup;
			children = (
				5E74D9F921BBACA900A97A89 /* fitsmeright.app */,
				5E74DA0D21BBACAA00A97A89 /* fitsmerightTests.xctest */,
				5E74DA1821BBACAA00A97A89 /* fitsmerightUITests.xctest */,
			);
			name = Products;
			sourceTree = "<group>";
		};
		5E74D9FB21BBACA900A97A89 /* fitsmeright */ = {
			isa = PBXGroup;
			children = (
				5EE8924F21C4089D008A65ED /* Domain */,
				A4E31D8421C28B96004D1707 /* Data */,
				5E74DA3521BBCDA400A97A89 /* Classe */,
				5E74DA3421BBCD9C00A97A89 /* Domain */,
				5E74DA2F21BBCCA400A97A89 /* Resource */,
				5E74DA2E21BBCBB800A97A89 /* Main */,
				5E74DA2A21BBCB7200A97A89 /* Scence */,
			);
			path = fitsmeright;
			sourceTree = "<group>";
		};
		5E74DA1021BBACAA00A97A89 /* fitsmerightTests */ = {
			isa = PBXGroup;
			children = (
				5E74DA1121BBACAA00A97A89 /* fitsmerightTests.swift */,
				5E74DA1321BBACAA00A97A89 /* Info.plist */,
			);
			path = fitsmerightTests;
			sourceTree = "<group>";
		};
		5E74DA1B21BBACAA00A97A89 /* fitsmerightUITests */ = {
			isa = PBXGroup;
			children = (
				5E74DA1C21BBACAA00A97A89 /* fitsmerightUITests.swift */,
				5E74DA1E21BBACAA00A97A89 /* Info.plist */,
			);
			path = fitsmerightUITests;
			sourceTree = "<group>";
		};
		5E74DA2A21BBCB7200A97A89 /* Scence */ = {
			isa = PBXGroup;
			children = (
				A42F7C6A21BE766800085DB5 /* Blank */,
				5E74DA2B21BBCB7F00A97A89 /* SplashVC */,
				5E74DA3B21BBCE1A00A97A89 /* Main */,
				5E74DA3A21BBCE1100A97A89 /* Auth */,
			);
			path = Scence;
			sourceTree = "<group>";
		};
		5E74DA2B21BBCB7F00A97A89 /* SplashVC */ = {
			isa = PBXGroup;
			children = (
				5E74DA2C21BBCB9E00A97A89 /* SplashVC.swift */,
				5E74DA4421BBD04300A97A89 /* SplashVC.storyboard */,
			);
			path = SplashVC;
			sourceTree = "<group>";
		};
		5E74DA2E21BBCBB800A97A89 /* Main */ = {
			isa = PBXGroup;
			children = (
				5E74D9FC21BBACA900A97A89 /* AppDelegate.swift */,
				5E74D9FE21BBACA900A97A89 /* ViewController.swift */,
				5E74DA0021BBACA900A97A89 /* Main.storyboard */,
				5E74DA0521BBACAA00A97A89 /* LaunchScreen.storyboard */,
				5E74DA0821BBACAA00A97A89 /* Info.plist */,
				5E74DA7F21BBF7D700A97A89 /* R.swift */,
			);
			path = Main;
			sourceTree = "<group>";
		};
		5E74DA2F21BBCCA400A97A89 /* Resource */ = {
			isa = PBXGroup;
			children = (
				5E74DA3221BBCCC400A97A89 /* Layout */,
				5E74DA3121BBCCBB00A97A89 /* Value */,
				5E74DA3021BBCCB400A97A89 /* Asset */,
			);
			path = Resource;
			sourceTree = "<group>";
		};
		5E74DA3021BBCCB400A97A89 /* Asset */ = {
			isa = PBXGroup;
			children = (
				5E74DA0321BBACAA00A97A89 /* Assets.xcassets */,
			);
			path = Asset;
			sourceTree = "<group>";
		};
		5E74DA3121BBCCBB00A97A89 /* Value */ = {
			isa = PBXGroup;
			children = (
			);
			path = Value;
			sourceTree = "<group>";
		};
		5E74DA3221BBCCC400A97A89 /* Layout */ = {
			isa = PBXGroup;
			children = (
				5EE8924221C3E696008A65ED /* View */,
				5E0900B221C296F10099F81E /* TabBatItem */,
				A42F7C7521BE837C00085DB5 /* NVC */,
				A42F7C7421BE837300085DB5 /* VC */,
			);
			path = Layout;
			sourceTree = "<group>";
		};
		5E74DA3421BBCD9C00A97A89 /* Domain */ = {
			isa = PBXGroup;
			children = (
				A4796C9321F5DBAC00B83F85 /* Enum */,
				5E74DA3921BBCDDC00A97A89 /* Entity */,
			);
			path = Domain;
			sourceTree = "<group>";
		};
		5E74DA3521BBCDA400A97A89 /* Classe */ = {
			isa = PBXGroup;
			children = (
				5E74DA3D21BBCE4000A97A89 /* Constraint */,
				A4D6585A21BFA3CD007B8558 /* NeedRemove */,
				A4D6E29821C0F7EF0085FB67 /* Extension */,
				5E74DA4021BBCE7600A97A89 /* Helper */,
				5E74DA3F21BBCE6B00A97A89 /* Singleton */,
				5E74DA4121BBCE7D00A97A89 /* Misc */,
				5E74DA4221BBCE9700A97A89 /* Utility */,
			);
			path = Classe;
			sourceTree = "<group>";
		};
		5E74DA3621BBCDBF00A97A89 /* Memorys */ = {
			isa = PBXGroup;
			children = (
			);
			path = Memorys;
			sourceTree = "<group>";
		};
		5E74DA3721BBCDC900A97A89 /* Remotes */ = {
			isa = PBXGroup;
			children = (
			);
			path = Remotes;
			sourceTree = "<group>";
		};
		5E74DA3921BBCDDC00A97A89 /* Entity */ = {
			isa = PBXGroup;
			children = (
				A4796C9621F5DCEB00B83F85 /* MockPost.swift */,
			);
			path = Entity;
			sourceTree = "<group>";
		};
		5E74DA3A21BBCE1100A97A89 /* Auth */ = {
			isa = PBXGroup;
			children = (
			);
			path = Auth;
			sourceTree = "<group>";
		};
		5E74DA3B21BBCE1A00A97A89 /* Main */ = {
			isa = PBXGroup;
			children = (
				5EE8923E21C3E5F5008A65ED /* Closet */,
				5EE8923921C3E46F008A65ED /* Feed */,
				5E74DA6B21BBDA1300A97A89 /* ProfileVC */,
				5E74DA6921BBD9F500A97A89 /* MainTBC */,
			);
			path = Main;
			sourceTree = "<group>";
		};
		5E74DA3D21BBCE4000A97A89 /* Constraint */ = {
			isa = PBXGroup;
			children = (
				5E74DA6721BBD9C000A97A89 /* Typealias+AG.swift */,
			);
			path = Constraint;
			sourceTree = "<group>";
		};
		5E74DA3F21BBCE6B00A97A89 /* Singleton */ = {
			isa = PBXGroup;
			children = (
			);
			path = Singleton;
			sourceTree = "<group>";
		};
		5E74DA4021BBCE7600A97A89 /* Helper */ = {
			isa = PBXGroup;
			children = (
			);
			path = Helper;
			sourceTree = "<group>";
		};
		5E74DA4121BBCE7D00A97A89 /* Misc */ = {
			isa = PBXGroup;
			children = (
				A4E31D8221C28B83004D1707 /* AGUserDefaults.swift */,
				5E74DA5D21BBD1F100A97A89 /* AGVCInstantiatable.swift */,
				5E74DA6521BBD90800A97A89 /* AGObject.swift */,
				A42F7C6021BE5BB600085DB5 /* UserDefaults */,
				A42F7C5F21BE5BA400085DB5 /* Application */,
				5EE8925721C40958008A65ED /* AGEntity.swift */,
			);
			path = Misc;
			sourceTree = "<group>";
		};
		5E74DA4221BBCE9700A97A89 /* Utility */ = {
			isa = PBXGroup;
			children = (
			);
			path = Utility;
			sourceTree = "<group>";
		};
		5E74DA4621BBD0B100A97A89 /* Template */ = {
			isa = PBXGroup;
			children = (
				5E74DA4721BBD0B100A97A89 /* TemplateV.swift */,
				5E74DA4821BBD0B100A97A89 /* TemplateM.swift */,
				5E74DA4921BBD0B100A97A89 /* TemplateListView */,
				5E74DA4C21BBD0B100A97A89 /* TemplateVC.swift */,
				5E74DA4D21BBD0B100A97A89 /* TemplateVIP.swift */,
				5E74DA4E21BBD0B100A97A89 /* TemplateProtocol.swift */,
				5E74DA4F21BBD0B100A97A89 /* TemplatesAlamofire */,
			);
			path = Template;
			sourceTree = "<group>";
		};
		5E74DA4921BBD0B100A97A89 /* TemplateListView */ = {
			isa = PBXGroup;
			children = (
				5E74DA4A21BBD0B100A97A89 /* TemplateCCA.swift */,
				5E74DA4B21BBD0B100A97A89 /* TemplateCC.swift */,
			);
			path = TemplateListView;
			sourceTree = "<group>";
		};
		5E74DA4F21BBD0B100A97A89 /* TemplatesAlamofire */ = {
			isa = PBXGroup;
			children = (
				5E74DA5021BBD0B100A97A89 /* TemplateAFR.swift */,
				5E74DA5121BBD0B100A97A89 /* TemplateAFApi.swift */,
				5E74DA5221BBD0B100A97A89 /* TemplateAFRM.swift */,
			);
			path = TemplatesAlamofire;
			sourceTree = "<group>";
		};
		5E74DA6921BBD9F500A97A89 /* MainTBC */ = {
			isa = PBXGroup;
			children = (
				5E74DA6D21BBDAAC00A97A89 /* MainTBC.swift */,
				5E74DA7721BBDADF00A97A89 /* MainTBC.storyboard */,
			);
			path = MainTBC;
			sourceTree = "<group>";
		};
		5E74DA6A21BBDA0100A97A89 /* FeedVC */ = {
			isa = PBXGroup;
			children = (
				5E74DA6F21BBDAB300A97A89 /* FeedVC.swift */,
				5E74DA7921BBDB5200A97A89 /* FeedVC.storyboard */,
			);
			path = FeedVC;
			sourceTree = "<group>";
		};
		5E74DA6B21BBDA1300A97A89 /* ProfileVC */ = {
			isa = PBXGroup;
			children = (
				5E74DA7221BBDABF00A97A89 /* ProfileVC.swift */,
				5E74DA7B21BBDB5E00A97A89 /* ProfileVC.storyboard */,
			);
			path = ProfileVC;
			sourceTree = "<group>";
		};
		5E74DA6C21BBDA2000A97A89 /* CreatePostVC */ = {
			isa = PBXGroup;
			children = (
				5E74DA7521BBDACC00A97A89 /* CreatePostVC.swift */,
				5E74DA7D21BBDB6800A97A89 /* CreatePostVC.storyboard */,
			);
			path = CreatePostVC;
			sourceTree = "<group>";
		};
		5EE8923821C3E45E008A65ED /* ClosetVC */ = {
			isa = PBXGroup;
			children = (
				5EE8923A21C3E566008A65ED /* ClosetVC.swift */,
				5EE8923C21C3E572008A65ED /* ClosetVC.storyboard */,
			);
			path = ClosetVC;
			sourceTree = "<group>";
		};
		5EE8923921C3E46F008A65ED /* Feed */ = {
			isa = PBXGroup;
			children = (
				5E74DA6A21BBDA0100A97A89 /* FeedVC */,
				5E0900B521C2B7AF0099F81E /* CreatePost */,
			);
			path = Feed;
			sourceTree = "<group>";
		};
		5EE8923E21C3E5F5008A65ED /* Closet */ = {
			isa = PBXGroup;
			children = (
				5EE8923821C3E45E008A65ED /* ClosetVC */,
				5EE8923F21C3E602008A65ED /* ClosetDetailVC */,
			);
			path = Closet;
			sourceTree = "<group>";
		};
		5EE8923F21C3E602008A65ED /* ClosetDetailVC */ = {
			isa = PBXGroup;
			children = (
				5EE8924021C3E615008A65ED /* ClosetDetailVC.swift */,
				5EC21D5A21F61A1C0013157F /* ClosetDetailVC.storyboard */,
			);
			path = ClosetDetailVC;
			sourceTree = "<group>";
		};
		5EE8924221C3E696008A65ED /* View */ = {
			isa = PBXGroup;
			children = (
				5EE8924321C3E6DD008A65ED /* CreatePostView.swift */,
				5EE8924521C3E714008A65ED /* CreatePostView.xib */,
				5EE8924A21C3F26F008A65ED /* CreateTextView.swift */,
				5EE8924C21C3F276008A65ED /* CreateTextView.xib */,
				5EE8925921C411DC008A65ED /* PostView.swift */,
				5EE8925B21C411E3008A65ED /* PostView.xib */,
				5EC21D5421F60B1D0013157F /* ClosetMenuView.swift */,
				5EC21D5621F60B290013157F /* ClosetMenuView.xib */,
			);
			name = View;
			path = V;
			sourceTree = "<group>";
		};
		5EE8924F21C4089D008A65ED /* Domain */ = {
			isa = PBXGroup;
			children = (
				5EE8925121C408A6008A65ED /* Entries */,
			);
			path = Domain;
			sourceTree = "<group>";
		};
		5EE8925121C408A6008A65ED /* Entries */ = {
			isa = PBXGroup;
			children = (
				5EE8925221C408B8008A65ED /* Post.swift */,
				5EE8925521C408CF008A65ED /* MockPost.swift */,
			);
			path = Entries;
			sourceTree = "<group>";
		};
		A42F7C5F21BE5BA400085DB5 /* Application */ = {
			isa = PBXGroup;
			children = (
				A42F7C5D21BE5B4B00085DB5 /* AGApplicationRoutable.swift */,
				A42F7C5B21BE597100085DB5 /* AGApplicationSetup.swift */,
				A42F7C6121BE5BD100085DB5 /* AGApplicationWindow.swift */,
			);
			path = Application;
			sourceTree = "<group>";
		};
		A42F7C6021BE5BB600085DB5 /* UserDefaults */ = {
			isa = PBXGroup;
			children = (
				A42F7C5521BE567D00085DB5 /* AGDefaults.swift */,
				A42F7C5721BE56AC00085DB5 /* AGDefaultsFoundation.swift */,
				A42F7C5921BE56D800085DB5 /* AGDefaultsCodable.swift */,
			);
			path = UserDefaults;
			sourceTree = "<group>";
		};
		A42F7C6321BE620500085DB5 /* BlankVC */ = {
			isa = PBXGroup;
			children = (
				A42F7C6421BE621300085DB5 /* BlankVC.swift */,
				A42F7C6621BE621C00085DB5 /* BlankVC.storyboard */,
			);
			path = BlankVC;
			sourceTree = "<group>";
		};
		A42F7C6A21BE766800085DB5 /* Blank */ = {
			isa = PBXGroup;
			children = (
				A42F7C6B21BE767200085DB5 /* BlankTBC */,
				A42F7C6321BE620500085DB5 /* BlankVC */,
			);
			path = Blank;
			sourceTree = "<group>";
		};
		A42F7C6B21BE767200085DB5 /* BlankTBC */ = {
			isa = PBXGroup;
			children = (
				A42F7C6C21BE768A00085DB5 /* BlankTVC.swift */,
				A42F7C6E21BE76A200085DB5 /* BlankTVC.storyboard */,
			);
			path = BlankTBC;
			sourceTree = "<group>";
		};
		A42F7C7421BE837300085DB5 /* VC */ = {
			isa = PBXGroup;
			children = (
				5E74DA6321BBD7AB00A97A89 /* AGVC.swift */,
				A4D6585421BF7460007B8558 /* AGImagePickerController.swift */,
			);
			path = VC;
			sourceTree = "<group>";
		};
		A42F7C7521BE837C00085DB5 /* NVC */ = {
			isa = PBXGroup;
			children = (
			);
			path = NVC;
			sourceTree = "<group>";
		};
		A4796C9321F5DBAC00B83F85 /* Enum */ = {
			isa = PBXGroup;
			children = (
			);
			path = Enum;
			sourceTree = "<group>";
		};
		A4D6585A21BFA3CD007B8558 /* NeedRemove */ = {
			isa = PBXGroup;
			children = (
				A4D6585821BF7DF2007B8558 /* AttachmentHandler.swift */,
			);
			path = NeedRemove;
			sourceTree = "<group>";
		};
		A4D6E29621C0F7BF0085FB67 /* UIKit */ = {
			isa = PBXGroup;
			children = (
				5E74DA5F21BBD67600A97A89 /* UIWindow+AG.swift */,
				5E74DA6121BBD6AC00A97A89 /* CATransition+AG.swift */,
				A408A4D021BEB4970030F2F5 /* UIBarButtonItem +AG.swift */,
				5E74DA8321BBF94B00A97A89 /* UINavigationController+AG.swift */,
				A42F7C6821BE71FB00085DB5 /* UINavigationBar+AG.swift */,
				A42F7C7021BE7B7300085DB5 /* UIImage+AG.swift */,
				A42F7C7221BE815500085DB5 /* UIApplication+AG.swift */,
				A4D6584B21BF63B9007B8558 /* UITabbarController+AG.swift */,
				A4D6584D21BF651F007B8558 /* UITabBar+AG.swift */,
				5E74DA8521BBFC6700A97A89 /* UIImagePickerController+AG.swift */,
				A4796C9421F5DC0100B83F85 /* UIColor+AG.swift */,
				A4796C9C21F5DD7000B83F85 /* CGSize+AG.swift */,
				5EE8924721C3EB69008A65ED /* UIView+AG.swift */,
			);
			path = UIKit;
			sourceTree = "<group>";
		};
		A4D6E29821C0F7EF0085FB67 /* Extension */ = {
			isa = PBXGroup;
			children = (
				A4D6E29A21C0F81E0085FB67 /* Pod */,
				A4D6E29621C0F7BF0085FB67 /* UIKit */,
			);
			path = Extension;
			sourceTree = "<group>";
		};
		A4D6E29A21C0F81E0085FB67 /* Pod */ = {
			isa = PBXGroup;
			children = (
				A4D6584F21BF6D9D007B8558 /* RAMAnimatedTabBarItem+AG.swift */,
			);
			name = Pod;
			path = Extensions;
			sourceTree = "<group>";
		};
		A4E31D8421C28B96004D1707 /* Data */ = {
			isa = PBXGroup;
			children = (
				5E74DA3721BBCDC900A97A89 /* Remotes */,
				5E74DA3621BBCDBF00A97A89 /* Memorys */,
				A4E31D8521C28B9B004D1707 /* Locals */,
			);
			path = Data;
			sourceTree = "<group>";
		};
		A4E31D8521C28B9B004D1707 /* Locals */ = {
			isa = PBXGroup;
			children = (
				A4E31D8621C28BA9004D1707 /* FMUserDefaults.swift */,
			);
			path = Locals;
			sourceTree = "<group>";
		};
		BFEBE934894A69D85645C256 /* Pods */ = {
			isa = PBXGroup;
			children = (
				9F8B67DFD7CF11E3D630A0C0 /* Pods-fitsmeright.debug.xcconfig */,
				F463E3587240B38E43DD39AC /* Pods-fitsmeright.release.xcconfig */,
				D0D96E61070E66C43686F795 /* Pods-fitsmerightTests.debug.xcconfig */,
				72AF5AC3A3815243CAE96B6A /* Pods-fitsmerightTests.release.xcconfig */,
				B4DF961751964A701D834B17 /* Pods-fitsmerightUITests.debug.xcconfig */,
				C9E7AEF286ED84FFE2C27408 /* Pods-fitsmerightUITests.release.xcconfig */,
			);
			name = Pods;
			sourceTree = "<group>";
		};
		DE01D8EAEF4FEDF0EE92D652 /* Frameworks */ = {
			isa = PBXGroup;
			children = (
				0B60CBC6408CBD54FA78D747 /* Pods_fitsmeright.framework */,
				5B34B9F8A3E854F921D23C20 /* Pods_fitsmerightTests.framework */,
				41EC81EF460A825BE1F780A3 /* Pods_fitsmerightUITests.framework */,
			);
			name = Frameworks;
			sourceTree = "<group>";
		};
/* End PBXGroup section */

/* Begin PBXNativeTarget section */
		5E74D9F821BBACA900A97A89 /* fitsmeright */ = {
			isa = PBXNativeTarget;
			buildConfigurationList = 5E74DA2121BBACAA00A97A89 /* Build configuration list for PBXNativeTarget "fitsmeright" */;
			buildPhases = (
				68F0CE1E2CCF136E2D4D84DC /* [CP] Check Pods Manifest.lock */,
				5E74D9F521BBACA900A97A89 /* Sources */,
				5E74D9F621BBACA900A97A89 /* Frameworks */,
				5E74D9F721BBACA900A97A89 /* Resources */,
				0DB0010DF7677588B85BE38F /* [CP] Embed Pods Frameworks */,
				61F9025D3452EDD03E671996 /* [CP] Copy Pods Resources */,
			);
			buildRules = (
			);
			dependencies = (
			);
			name = fitsmeright;
			productName = fitsmeright;
			productReference = 5E74D9F921BBACA900A97A89 /* fitsmeright.app */;
			productType = "com.apple.product-type.application";
		};
		5E74DA0C21BBACAA00A97A89 /* fitsmerightTests */ = {
			isa = PBXNativeTarget;
			buildConfigurationList = 5E74DA2421BBACAA00A97A89 /* Build configuration list for PBXNativeTarget "fitsmerightTests" */;
			buildPhases = (
				A3BD063C6CD844D9B6DE8ECA /* [CP] Check Pods Manifest.lock */,
				5E74DA0921BBACAA00A97A89 /* Sources */,
				5E74DA0A21BBACAA00A97A89 /* Frameworks */,
				5E74DA0B21BBACAA00A97A89 /* Resources */,
			);
			buildRules = (
			);
			dependencies = (
				5E74DA0F21BBACAA00A97A89 /* PBXTargetDependency */,
			);
			name = fitsmerightTests;
			productName = fitsmerightTests;
			productReference = 5E74DA0D21BBACAA00A97A89 /* fitsmerightTests.xctest */;
			productType = "com.apple.product-type.bundle.unit-test";
		};
		5E74DA1721BBACAA00A97A89 /* fitsmerightUITests */ = {
			isa = PBXNativeTarget;
			buildConfigurationList = 5E74DA2721BBACAA00A97A89 /* Build configuration list for PBXNativeTarget "fitsmerightUITests" */;
			buildPhases = (
				6E327F5FE67CBE8000F7DABB /* [CP] Check Pods Manifest.lock */,
				5E74DA1421BBACAA00A97A89 /* Sources */,
				5E74DA1521BBACAA00A97A89 /* Frameworks */,
				5E74DA1621BBACAA00A97A89 /* Resources */,
			);
			buildRules = (
			);
			dependencies = (
				5E74DA1A21BBACAA00A97A89 /* PBXTargetDependency */,
			);
			name = fitsmerightUITests;
			productName = fitsmerightUITests;
			productReference = 5E74DA1821BBACAA00A97A89 /* fitsmerightUITests.xctest */;
			productType = "com.apple.product-type.bundle.ui-testing";
		};
/* End PBXNativeTarget section */

/* Begin PBXProject section */
		5E74D9F121BBACA900A97A89 /* Project object */ = {
			isa = PBXProject;
			attributes = {
				LastSwiftUpdateCheck = 1010;
				LastUpgradeCheck = 1010;
				ORGANIZATIONNAME = silpakorn;
				TargetAttributes = {
					5E74D9F821BBACA900A97A89 = {
						CreatedOnToolsVersion = 10.1;
					};
					5E74DA0C21BBACAA00A97A89 = {
						CreatedOnToolsVersion = 10.1;
						TestTargetID = 5E74D9F821BBACA900A97A89;
					};
					5E74DA1721BBACAA00A97A89 = {
						CreatedOnToolsVersion = 10.1;
						TestTargetID = 5E74D9F821BBACA900A97A89;
					};
				};
			};
			buildConfigurationList = 5E74D9F421BBACA900A97A89 /* Build configuration list for PBXProject "fitsmeright" */;
			compatibilityVersion = "Xcode 9.3";
			developmentRegion = en;
			hasScannedForEncodings = 0;
			knownRegions = (
				en,
				Base,
			);
			mainGroup = 5E74D9F021BBACA900A97A89;
			productRefGroup = 5E74D9FA21BBACA900A97A89 /* Products */;
			projectDirPath = "";
			projectRoot = "";
			targets = (
				5E74D9F821BBACA900A97A89 /* fitsmeright */,
				5E74DA0C21BBACAA00A97A89 /* fitsmerightTests */,
				5E74DA1721BBACAA00A97A89 /* fitsmerightUITests */,
			);
		};
/* End PBXProject section */

/* Begin PBXResourcesBuildPhase section */
		5E74D9F721BBACA900A97A89 /* Resources */ = {
			isa = PBXResourcesBuildPhase;
			buildActionMask = 2147483647;
			files = (
				5E74DA0721BBACAA00A97A89 /* LaunchScreen.storyboard in Resources */,
				A4796C9B21F5DD1D00B83F85 /* PostView.xib in Resources */,
				5E0900BD21C2B8B90099F81E /* CreatePostInfoVC.storyboard in Resources */,
				5E74DA7E21BBDB6800A97A89 /* CreatePostVC.storyboard in Resources */,
				5EE8923D21C3E572008A65ED /* ClosetVC.storyboard in Resources */,
				5E74DA7C21BBDB5E00A97A89 /* ProfileVC.storyboard in Resources */,
				5E74DA7821BBDADF00A97A89 /* MainTBC.storyboard in Resources */,
				5EE8924D21C3F276008A65ED /* CreateTextView.xib in Resources */,
				A42F7C6721BE621C00085DB5 /* BlankVC.storyboard in Resources */,
				A4796C9921F5DD1D00B83F85 /* CreatePostView.xib in Resources */,
				5E74DA0421BBACAA00A97A89 /* Assets.xcassets in Resources */,
				5EC21D5B21F61A1C0013157F /* ClosetDetailVC.storyboard in Resources */,
				5E74DA7A21BBDB5200A97A89 /* FeedVC.storyboard in Resources */,
				A42F7C4E21BE321300085DB5 /* README.md in Resources */,
				5EC21D5721F60B290013157F /* ClosetMenuView.xib in Resources */,
				5E74DA4521BBD04300A97A89 /* SplashVC.storyboard in Resources */,
				5E0900BA21C2B89B0099F81E /* CreatePostDesignVC.storyboard in Resources */,
				5E74DA0221BBACA900A97A89 /* Main.storyboard in Resources */,
				A42F7C6F21BE76A200085DB5 /* BlankTVC.storyboard in Resources */,
			);
			runOnlyForDeploymentPostprocessing = 0;
		};
		5E74DA0B21BBACAA00A97A89 /* Resources */ = {
			isa = PBXResourcesBuildPhase;
			buildActionMask = 2147483647;
			files = (
			);
			runOnlyForDeploymentPostprocessing = 0;
		};
		5E74DA1621BBACAA00A97A89 /* Resources */ = {
			isa = PBXResourcesBuildPhase;
			buildActionMask = 2147483647;
			files = (
			);
			runOnlyForDeploymentPostprocessing = 0;
		};
/* End PBXResourcesBuildPhase section */

/* Begin PBXShellScriptBuildPhase section */
		0DB0010DF7677588B85BE38F /* [CP] Embed Pods Frameworks */ = {
			isa = PBXShellScriptBuildPhase;
			buildActionMask = 2147483647;
			files = (
			);
			inputFileListPaths = (
			);
			inputPaths = (
				"${PODS_ROOT}/Target Support Files/Pods-fitsmeright/Pods-fitsmeright-frameworks.sh",
				"${BUILT_PRODUCTS_DIR}/BoringSSL/openssl.framework",
				"${BUILT_PRODUCTS_DIR}/CodableFirebase/CodableFirebase.framework",
				"${BUILT_PRODUCTS_DIR}/DynamicBlurView/DynamicBlurView.framework",
				"${BUILT_PRODUCTS_DIR}/GTMSessionFetcher/GTMSessionFetcher.framework",
				"${BUILT_PRODUCTS_DIR}/GoogleUtilities/GoogleUtilities.framework",
				"${BUILT_PRODUCTS_DIR}/IQKeyboardManagerSwift/IQKeyboardManagerSwift.framework",
				"${BUILT_PRODUCTS_DIR}/NVActivityIndicatorView/NVActivityIndicatorView.framework",
				"${BUILT_PRODUCTS_DIR}/PopupDialog/PopupDialog.framework",
				"${BUILT_PRODUCTS_DIR}/Protobuf/Protobuf.framework",
				"${BUILT_PRODUCTS_DIR}/RAMAnimatedTabBarController/RAMAnimatedTabBarController.framework",
				"${BUILT_PRODUCTS_DIR}/RevealingSplashView/RevealingSplashView.framework",
				"${BUILT_PRODUCTS_DIR}/SkeletonView/SkeletonView.framework",
				"${BUILT_PRODUCTS_DIR}/SkyFloatingLabelTextField/SkyFloatingLabelTextField.framework",
				"${BUILT_PRODUCTS_DIR}/SnapKit/SnapKit.framework",
				"${BUILT_PRODUCTS_DIR}/SwiftDate/SwiftDate.framework",
				"${BUILT_PRODUCTS_DIR}/SwifterSwift/SwifterSwift.framework",
				"${BUILT_PRODUCTS_DIR}/gRPC-C++/grpcpp.framework",
				"${BUILT_PRODUCTS_DIR}/gRPC-Core/grpc.framework",
				"${BUILT_PRODUCTS_DIR}/leveldb-library/leveldb.framework",
				"${BUILT_PRODUCTS_DIR}/nanopb/nanopb.framework",
			);
			name = "[CP] Embed Pods Frameworks";
			outputFileListPaths = (
			);
			outputPaths = (
				"${TARGET_BUILD_DIR}/${FRAMEWORKS_FOLDER_PATH}/openssl.framework",
				"${TARGET_BUILD_DIR}/${FRAMEWORKS_FOLDER_PATH}/CodableFirebase.framework",
				"${TARGET_BUILD_DIR}/${FRAMEWORKS_FOLDER_PATH}/DynamicBlurView.framework",
				"${TARGET_BUILD_DIR}/${FRAMEWORKS_FOLDER_PATH}/GTMSessionFetcher.framework",
				"${TARGET_BUILD_DIR}/${FRAMEWORKS_FOLDER_PATH}/GoogleUtilities.framework",
				"${TARGET_BUILD_DIR}/${FRAMEWORKS_FOLDER_PATH}/IQKeyboardManagerSwift.framework",
				"${TARGET_BUILD_DIR}/${FRAMEWORKS_FOLDER_PATH}/NVActivityIndicatorView.framework",
				"${TARGET_BUILD_DIR}/${FRAMEWORKS_FOLDER_PATH}/PopupDialog.framework",
				"${TARGET_BUILD_DIR}/${FRAMEWORKS_FOLDER_PATH}/Protobuf.framework",
				"${TARGET_BUILD_DIR}/${FRAMEWORKS_FOLDER_PATH}/RAMAnimatedTabBarController.framework",
				"${TARGET_BUILD_DIR}/${FRAMEWORKS_FOLDER_PATH}/RevealingSplashView.framework",
				"${TARGET_BUILD_DIR}/${FRAMEWORKS_FOLDER_PATH}/SkeletonView.framework",
				"${TARGET_BUILD_DIR}/${FRAMEWORKS_FOLDER_PATH}/SkyFloatingLabelTextField.framework",
				"${TARGET_BUILD_DIR}/${FRAMEWORKS_FOLDER_PATH}/SnapKit.framework",
				"${TARGET_BUILD_DIR}/${FRAMEWORKS_FOLDER_PATH}/SwiftDate.framework",
				"${TARGET_BUILD_DIR}/${FRAMEWORKS_FOLDER_PATH}/SwifterSwift.framework",
				"${TARGET_BUILD_DIR}/${FRAMEWORKS_FOLDER_PATH}/grpcpp.framework",
				"${TARGET_BUILD_DIR}/${FRAMEWORKS_FOLDER_PATH}/grpc.framework",
				"${TARGET_BUILD_DIR}/${FRAMEWORKS_FOLDER_PATH}/leveldb.framework",
				"${TARGET_BUILD_DIR}/${FRAMEWORKS_FOLDER_PATH}/nanopb.framework",
			);
			runOnlyForDeploymentPostprocessing = 0;
			shellPath = /bin/sh;
			shellScript = "\"${PODS_ROOT}/Target Support Files/Pods-fitsmeright/Pods-fitsmeright-frameworks.sh\"\n";
			showEnvVarsInLog = 0;
		};
		61F9025D3452EDD03E671996 /* [CP] Copy Pods Resources */ = {
			isa = PBXShellScriptBuildPhase;
			buildActionMask = 2147483647;
			files = (
			);
			inputFileListPaths = (
			);
			inputPaths = (
				"${PODS_ROOT}/Target Support Files/Pods-fitsmeright/Pods-fitsmeright-resources.sh",
				"${PODS_CONFIGURATION_BUILD_DIR}/FirebaseFirestore/gRPCCertificates-Firestore.bundle",
			);
			name = "[CP] Copy Pods Resources";
			outputFileListPaths = (
			);
			outputPaths = (
				"${TARGET_BUILD_DIR}/${UNLOCALIZED_RESOURCES_FOLDER_PATH}/gRPCCertificates-Firestore.bundle",
			);
			runOnlyForDeploymentPostprocessing = 0;
			shellPath = /bin/sh;
			shellScript = "\"${PODS_ROOT}/Target Support Files/Pods-fitsmeright/Pods-fitsmeright-resources.sh\"\n";
			showEnvVarsInLog = 0;
		};
		68F0CE1E2CCF136E2D4D84DC /* [CP] Check Pods Manifest.lock */ = {
			isa = PBXShellScriptBuildPhase;
			buildActionMask = 2147483647;
			files = (
			);
			inputFileListPaths = (
			);
			inputPaths = (
				"${PODS_PODFILE_DIR_PATH}/Podfile.lock",
				"${PODS_ROOT}/Manifest.lock",
			);
			name = "[CP] Check Pods Manifest.lock";
			outputFileListPaths = (
			);
			outputPaths = (
				"$(DERIVED_FILE_DIR)/Pods-fitsmeright-checkManifestLockResult.txt",
			);
			runOnlyForDeploymentPostprocessing = 0;
			shellPath = /bin/sh;
			shellScript = "diff \"${PODS_PODFILE_DIR_PATH}/Podfile.lock\" \"${PODS_ROOT}/Manifest.lock\" > /dev/null\nif [ $? != 0 ] ; then\n    # print error to STDERR\n    echo \"error: The sandbox is not in sync with the Podfile.lock. Run 'pod install' or update your CocoaPods installation.\" >&2\n    exit 1\nfi\n# This output is used by Xcode 'outputs' to avoid re-running this script phase.\necho \"SUCCESS\" > \"${SCRIPT_OUTPUT_FILE_0}\"\n";
			showEnvVarsInLog = 0;
		};
		6E327F5FE67CBE8000F7DABB /* [CP] Check Pods Manifest.lock */ = {
			isa = PBXShellScriptBuildPhase;
			buildActionMask = 2147483647;
			files = (
			);
			inputFileListPaths = (
			);
			inputPaths = (
				"${PODS_PODFILE_DIR_PATH}/Podfile.lock",
				"${PODS_ROOT}/Manifest.lock",
			);
			name = "[CP] Check Pods Manifest.lock";
			outputFileListPaths = (
			);
			outputPaths = (
				"$(DERIVED_FILE_DIR)/Pods-fitsmerightUITests-checkManifestLockResult.txt",
			);
			runOnlyForDeploymentPostprocessing = 0;
			shellPath = /bin/sh;
			shellScript = "diff \"${PODS_PODFILE_DIR_PATH}/Podfile.lock\" \"${PODS_ROOT}/Manifest.lock\" > /dev/null\nif [ $? != 0 ] ; then\n    # print error to STDERR\n    echo \"error: The sandbox is not in sync with the Podfile.lock. Run 'pod install' or update your CocoaPods installation.\" >&2\n    exit 1\nfi\n# This output is used by Xcode 'outputs' to avoid re-running this script phase.\necho \"SUCCESS\" > \"${SCRIPT_OUTPUT_FILE_0}\"\n";
			showEnvVarsInLog = 0;
		};
		A3BD063C6CD844D9B6DE8ECA /* [CP] Check Pods Manifest.lock */ = {
			isa = PBXShellScriptBuildPhase;
			buildActionMask = 2147483647;
			files = (
			);
			inputFileListPaths = (
			);
			inputPaths = (
				"${PODS_PODFILE_DIR_PATH}/Podfile.lock",
				"${PODS_ROOT}/Manifest.lock",
			);
			name = "[CP] Check Pods Manifest.lock";
			outputFileListPaths = (
			);
			outputPaths = (
				"$(DERIVED_FILE_DIR)/Pods-fitsmerightTests-checkManifestLockResult.txt",
			);
			runOnlyForDeploymentPostprocessing = 0;
			shellPath = /bin/sh;
			shellScript = "diff \"${PODS_PODFILE_DIR_PATH}/Podfile.lock\" \"${PODS_ROOT}/Manifest.lock\" > /dev/null\nif [ $? != 0 ] ; then\n    # print error to STDERR\n    echo \"error: The sandbox is not in sync with the Podfile.lock. Run 'pod install' or update your CocoaPods installation.\" >&2\n    exit 1\nfi\n# This output is used by Xcode 'outputs' to avoid re-running this script phase.\necho \"SUCCESS\" > \"${SCRIPT_OUTPUT_FILE_0}\"\n";
			showEnvVarsInLog = 0;
		};
/* End PBXShellScriptBuildPhase section */

/* Begin PBXSourcesBuildPhase section */
		5E74D9F521BBACA900A97A89 /* Sources */ = {
			isa = PBXSourcesBuildPhase;
			buildActionMask = 2147483647;
			files = (
				A42F7C5C21BE597100085DB5 /* AGApplicationSetup.swift in Sources */,
				A42F7C7321BE815500085DB5 /* UIApplication+AG.swift in Sources */,
				5E74DA6421BBD7AB00A97A89 /* AGVC.swift in Sources */,
				5E74DA5C21BBD0B100A97A89 /* TemplateAFRM.swift in Sources */,
				A4796C9D21F5DD7000B83F85 /* CGSize+AG.swift in Sources */,
				A42F7C5821BE56AC00085DB5 /* AGDefaultsFoundation.swift in Sources */,
				5E74DA6821BBD9C000A97A89 /* Typealias+AG.swift in Sources */,
				5E0900BF21C2B8C50099F81E /* CreatePostInfoVC.swift in Sources */,
				5E0900B421C2970A0099F81E /* RAMNonAnimation.swift in Sources */,
				5E74DA8421BBF94B00A97A89 /* UINavigationController+AG.swift in Sources */,
				A4D6585921BF7DF2007B8558 /* AttachmentHandler.swift in Sources */,
				5E74DA8621BBFC6700A97A89 /* UIImagePickerController+AG.swift in Sources */,
				5EE8924B21C3F26F008A65ED /* CreateTextView.swift in Sources */,
				5E74DA5721BBD0B100A97A89 /* TemplateVC.swift in Sources */,
				5E74DA6221BBD6AC00A97A89 /* CATransition+AG.swift in Sources */,
				A42F7C6921BE71FB00085DB5 /* UINavigationBar+AG.swift in Sources */,
				A4D6584E21BF651F007B8558 /* UITabBar+AG.swift in Sources */,
				A4E31D8721C28BA9004D1707 /* FMUserDefaults.swift in Sources */,
				5E74DA6621BBD90800A97A89 /* AGObject.swift in Sources */,
				A4796C9A21F5DD1D00B83F85 /* PostView.swift in Sources */,
				A42F7C6221BE5BD100085DB5 /* AGApplicationWindow.swift in Sources */,
				5EE8924121C3E615008A65ED /* ClosetDetailVC.swift in Sources */,
				A42F7C5E21BE5B4B00085DB5 /* AGApplicationRoutable.swift in Sources */,
				5E74DA5321BBD0B100A97A89 /* TemplateV.swift in Sources */,
				5E74D9FF21BBACA900A97A89 /* ViewController.swift in Sources */,
				5EE8925821C40958008A65ED /* AGEntity.swift in Sources */,
				A4E31D8321C28B83004D1707 /* AGUserDefaults.swift in Sources */,
				5E74D9FD21BBACA900A97A89 /* AppDelegate.swift in Sources */,
				5E74DA6021BBD67600A97A89 /* UIWindow+AG.swift in Sources */,
				A42F7C7121BE7B7300085DB5 /* UIImage+AG.swift in Sources */,
				5EE8923B21C3E566008A65ED /* ClosetVC.swift in Sources */,
				5E74DA6E21BBDAAC00A97A89 /* MainTBC.swift in Sources */,
				A408A4D121BEB4970030F2F5 /* UIBarButtonItem +AG.swift in Sources */,
				5E0900B821C2B88B0099F81E /* CreatePostDesignVC.swift in Sources */,
				5E74DA5821BBD0B100A97A89 /* TemplateVIP.swift in Sources */,
				5E74DA8021BBF7D700A97A89 /* R.swift in Sources */,
				5E74DA5921BBD0B100A97A89 /* TemplateProtocol.swift in Sources */,
				5EC21D5521F60B1D0013157F /* ClosetMenuView.swift in Sources */,
				5EE8924821C3EB69008A65ED /* UIView+AG.swift in Sources */,
				A4D6585021BF6D9D007B8558 /* RAMAnimatedTabBarItem+AG.swift in Sources */,
				A4D6584C21BF63B9007B8558 /* UITabbarController+AG.swift in Sources */,
				A42F7C6521BE621300085DB5 /* BlankVC.swift in Sources */,
				5E74DA5E21BBD1F100A97A89 /* AGVCInstantiatable.swift in Sources */,
				5E74DA2D21BBCB9E00A97A89 /* SplashVC.swift in Sources */,
				A42F7C5A21BE56D800085DB5 /* AGDefaultsCodable.swift in Sources */,
				5E74DA7021BBDAB300A97A89 /* FeedVC.swift in Sources */,
				5E74DA5A21BBD0B100A97A89 /* TemplateAFR.swift in Sources */,
				A4796C9521F5DC0100B83F85 /* UIColor+AG.swift in Sources */,
				5E74DA7621BBDACC00A97A89 /* CreatePostVC.swift in Sources */,
				5E74DA5621BBD0B100A97A89 /* TemplateCC.swift in Sources */,
				A4796C9721F5DCEC00B83F85 /* MockPost.swift in Sources */,
				5E74DA5421BBD0B100A97A89 /* TemplateM.swift in Sources */,
				A4D6585521BF7460007B8558 /* AGImagePickerController.swift in Sources */,
				A42F7C5621BE567D00085DB5 /* AGDefaults.swift in Sources */,
				A42F7C6D21BE768A00085DB5 /* BlankTVC.swift in Sources */,
				A4796C9821F5DD1D00B83F85 /* CreatePostView.swift in Sources */,
				5E74DA5521BBD0B100A97A89 /* TemplateCCA.swift in Sources */,
				5E74DA7321BBDABF00A97A89 /* ProfileVC.swift in Sources */,
				5E74DA5B21BBD0B100A97A89 /* TemplateAFApi.swift in Sources */,
			);
			runOnlyForDeploymentPostprocessing = 0;
		};
		5E74DA0921BBACAA00A97A89 /* Sources */ = {
			isa = PBXSourcesBuildPhase;
			buildActionMask = 2147483647;
			files = (
				5E74DA1221BBACAA00A97A89 /* fitsmerightTests.swift in Sources */,
			);
			runOnlyForDeploymentPostprocessing = 0;
		};
		5E74DA1421BBACAA00A97A89 /* Sources */ = {
			isa = PBXSourcesBuildPhase;
			buildActionMask = 2147483647;
			files = (
				5E74DA1D21BBACAA00A97A89 /* fitsmerightUITests.swift in Sources */,
			);
			runOnlyForDeploymentPostprocessing = 0;
		};
/* End PBXSourcesBuildPhase section */

/* Begin PBXTargetDependency section */
		5E74DA0F21BBACAA00A97A89 /* PBXTargetDependency */ = {
			isa = PBXTargetDependency;
			target = 5E74D9F821BBACA900A97A89 /* fitsmeright */;
			targetProxy = 5E74DA0E21BBACAA00A97A89 /* PBXContainerItemProxy */;
		};
		5E74DA1A21BBACAA00A97A89 /* PBXTargetDependency */ = {
			isa = PBXTargetDependency;
			target = 5E74D9F821BBACA900A97A89 /* fitsmeright */;
			targetProxy = 5E74DA1921BBACAA00A97A89 /* PBXContainerItemProxy */;
		};
/* End PBXTargetDependency section */

/* Begin PBXVariantGroup section */
		5E74DA0021BBACA900A97A89 /* Main.storyboard */ = {
			isa = PBXVariantGroup;
			children = (
				5E74DA0121BBACA900A97A89 /* Base */,
			);
			name = Main.storyboard;
			sourceTree = "<group>";
		};
		5E74DA0521BBACAA00A97A89 /* LaunchScreen.storyboard */ = {
			isa = PBXVariantGroup;
			children = (
				5E74DA0621BBACAA00A97A89 /* Base */,
			);
			name = LaunchScreen.storyboard;
			sourceTree = "<group>";
		};
/* End PBXVariantGroup section */

/* Begin XCBuildConfiguration section */
		5E74DA1F21BBACAA00A97A89 /* Debug */ = {
			isa = XCBuildConfiguration;
			buildSettings = {
				ALWAYS_SEARCH_USER_PATHS = NO;
				CLANG_ANALYZER_NONNULL = YES;
				CLANG_ANALYZER_NUMBER_OBJECT_CONVERSION = YES_AGGRESSIVE;
				CLANG_CXX_LANGUAGE_STANDARD = "gnu++14";
				CLANG_CXX_LIBRARY = "libc++";
				CLANG_ENABLE_MODULES = YES;
				CLANG_ENABLE_OBJC_ARC = YES;
				CLANG_ENABLE_OBJC_WEAK = YES;
				CLANG_WARN_BLOCK_CAPTURE_AUTORELEASING = YES;
				CLANG_WARN_BOOL_CONVERSION = YES;
				CLANG_WARN_COMMA = YES;
				CLANG_WARN_CONSTANT_CONVERSION = YES;
				CLANG_WARN_DEPRECATED_OBJC_IMPLEMENTATIONS = YES;
				CLANG_WARN_DIRECT_OBJC_ISA_USAGE = YES_ERROR;
				CLANG_WARN_DOCUMENTATION_COMMENTS = YES;
				CLANG_WARN_EMPTY_BODY = YES;
				CLANG_WARN_ENUM_CONVERSION = YES;
				CLANG_WARN_INFINITE_RECURSION = YES;
				CLANG_WARN_INT_CONVERSION = YES;
				CLANG_WARN_NON_LITERAL_NULL_CONVERSION = YES;
				CLANG_WARN_OBJC_IMPLICIT_RETAIN_SELF = YES;
				CLANG_WARN_OBJC_LITERAL_CONVERSION = YES;
				CLANG_WARN_OBJC_ROOT_CLASS = YES_ERROR;
				CLANG_WARN_RANGE_LOOP_ANALYSIS = YES;
				CLANG_WARN_STRICT_PROTOTYPES = YES;
				CLANG_WARN_SUSPICIOUS_MOVE = YES;
				CLANG_WARN_UNGUARDED_AVAILABILITY = YES_AGGRESSIVE;
				CLANG_WARN_UNREACHABLE_CODE = YES;
				CLANG_WARN__DUPLICATE_METHOD_MATCH = YES;
				CODE_SIGN_IDENTITY = "iPhone Developer";
				COPY_PHASE_STRIP = NO;
				DEBUG_INFORMATION_FORMAT = dwarf;
				ENABLE_STRICT_OBJC_MSGSEND = YES;
				ENABLE_TESTABILITY = YES;
				GCC_C_LANGUAGE_STANDARD = gnu11;
				GCC_DYNAMIC_NO_PIC = NO;
				GCC_NO_COMMON_BLOCKS = YES;
				GCC_OPTIMIZATION_LEVEL = 0;
				GCC_PREPROCESSOR_DEFINITIONS = (
					"DEBUG=1",
					"$(inherited)",
				);
				GCC_WARN_64_TO_32_BIT_CONVERSION = YES;
				GCC_WARN_ABOUT_RETURN_TYPE = YES_ERROR;
				GCC_WARN_UNDECLARED_SELECTOR = YES;
				GCC_WARN_UNINITIALIZED_AUTOS = YES_AGGRESSIVE;
				GCC_WARN_UNUSED_FUNCTION = YES;
				GCC_WARN_UNUSED_VARIABLE = YES;
				IPHONEOS_DEPLOYMENT_TARGET = 12.1;
				MTL_ENABLE_DEBUG_INFO = INCLUDE_SOURCE;
				MTL_FAST_MATH = YES;
				ONLY_ACTIVE_ARCH = YES;
				SDKROOT = iphoneos;
				SWIFT_ACTIVE_COMPILATION_CONDITIONS = DEBUG;
				SWIFT_OPTIMIZATION_LEVEL = "-Onone";
			};
			name = Debug;
		};
		5E74DA2021BBACAA00A97A89 /* Release */ = {
			isa = XCBuildConfiguration;
			buildSettings = {
				ALWAYS_SEARCH_USER_PATHS = NO;
				CLANG_ANALYZER_NONNULL = YES;
				CLANG_ANALYZER_NUMBER_OBJECT_CONVERSION = YES_AGGRESSIVE;
				CLANG_CXX_LANGUAGE_STANDARD = "gnu++14";
				CLANG_CXX_LIBRARY = "libc++";
				CLANG_ENABLE_MODULES = YES;
				CLANG_ENABLE_OBJC_ARC = YES;
				CLANG_ENABLE_OBJC_WEAK = YES;
				CLANG_WARN_BLOCK_CAPTURE_AUTORELEASING = YES;
				CLANG_WARN_BOOL_CONVERSION = YES;
				CLANG_WARN_COMMA = YES;
				CLANG_WARN_CONSTANT_CONVERSION = YES;
				CLANG_WARN_DEPRECATED_OBJC_IMPLEMENTATIONS = YES;
				CLANG_WARN_DIRECT_OBJC_ISA_USAGE = YES_ERROR;
				CLANG_WARN_DOCUMENTATION_COMMENTS = YES;
				CLANG_WARN_EMPTY_BODY = YES;
				CLANG_WARN_ENUM_CONVERSION = YES;
				CLANG_WARN_INFINITE_RECURSION = YES;
				CLANG_WARN_INT_CONVERSION = YES;
				CLANG_WARN_NON_LITERAL_NULL_CONVERSION = YES;
				CLANG_WARN_OBJC_IMPLICIT_RETAIN_SELF = YES;
				CLANG_WARN_OBJC_LITERAL_CONVERSION = YES;
				CLANG_WARN_OBJC_ROOT_CLASS = YES_ERROR;
				CLANG_WARN_RANGE_LOOP_ANALYSIS = YES;
				CLANG_WARN_STRICT_PROTOTYPES = YES;
				CLANG_WARN_SUSPICIOUS_MOVE = YES;
				CLANG_WARN_UNGUARDED_AVAILABILITY = YES_AGGRESSIVE;
				CLANG_WARN_UNREACHABLE_CODE = YES;
				CLANG_WARN__DUPLICATE_METHOD_MATCH = YES;
				CODE_SIGN_IDENTITY = "iPhone Developer";
				COPY_PHASE_STRIP = NO;
				DEBUG_INFORMATION_FORMAT = "dwarf-with-dsym";
				ENABLE_NS_ASSERTIONS = NO;
				ENABLE_STRICT_OBJC_MSGSEND = YES;
				GCC_C_LANGUAGE_STANDARD = gnu11;
				GCC_NO_COMMON_BLOCKS = YES;
				GCC_WARN_64_TO_32_BIT_CONVERSION = YES;
				GCC_WARN_ABOUT_RETURN_TYPE = YES_ERROR;
				GCC_WARN_UNDECLARED_SELECTOR = YES;
				GCC_WARN_UNINITIALIZED_AUTOS = YES_AGGRESSIVE;
				GCC_WARN_UNUSED_FUNCTION = YES;
				GCC_WARN_UNUSED_VARIABLE = YES;
				IPHONEOS_DEPLOYMENT_TARGET = 12.1;
				MTL_ENABLE_DEBUG_INFO = NO;
				MTL_FAST_MATH = YES;
				SDKROOT = iphoneos;
				SWIFT_COMPILATION_MODE = wholemodule;
				SWIFT_OPTIMIZATION_LEVEL = "-O";
				VALIDATE_PRODUCT = YES;
			};
			name = Release;
		};
		5E74DA2221BBACAA00A97A89 /* Debug */ = {
			isa = XCBuildConfiguration;
			baseConfigurationReference = 9F8B67DFD7CF11E3D630A0C0 /* Pods-fitsmeright.debug.xcconfig */;
			buildSettings = {
				ASSETCATALOG_COMPILER_APPICON_NAME = AppIcon;
				CODE_SIGN_IDENTITY = "iPhone Developer";
				CODE_SIGN_STYLE = Automatic;
				DEVELOPMENT_TEAM = K7HW86J5X8;
				INFOPLIST_FILE = fitsmeright/Main/Info.plist;
				IPHONEOS_DEPLOYMENT_TARGET = 12.0;
				LD_RUNPATH_SEARCH_PATHS = (
					"$(inherited)",
					"@executable_path/Frameworks",
				);
				PRODUCT_BUNDLE_IDENTIFIER = com.fitsmeright.silpakorn;
				PRODUCT_NAME = "$(TARGET_NAME)";
				PROVISIONING_PROFILE_SPECIFIER = "";
				SWIFT_VERSION = 4.2;
				TARGETED_DEVICE_FAMILY = 1;
			};
			name = Debug;
		};
		5E74DA2321BBACAA00A97A89 /* Release */ = {
			isa = XCBuildConfiguration;
			baseConfigurationReference = F463E3587240B38E43DD39AC /* Pods-fitsmeright.release.xcconfig */;
			buildSettings = {
				ASSETCATALOG_COMPILER_APPICON_NAME = AppIcon;
				CODE_SIGN_IDENTITY = "iPhone Developer";
				CODE_SIGN_STYLE = Automatic;
				DEVELOPMENT_TEAM = K7HW86J5X8;
				INFOPLIST_FILE = fitsmeright/Main/Info.plist;
				IPHONEOS_DEPLOYMENT_TARGET = 12.0;
				LD_RUNPATH_SEARCH_PATHS = (
					"$(inherited)",
					"@executable_path/Frameworks",
				);
				PRODUCT_BUNDLE_IDENTIFIER = com.fitsmeright.silpakorn;
				PRODUCT_NAME = "$(TARGET_NAME)";
				PROVISIONING_PROFILE_SPECIFIER = "";
				SWIFT_VERSION = 4.2;
				TARGETED_DEVICE_FAMILY = 1;
			};
			name = Release;
		};
		5E74DA2521BBACAA00A97A89 /* Debug */ = {
			isa = XCBuildConfiguration;
			baseConfigurationReference = D0D96E61070E66C43686F795 /* Pods-fitsmerightTests.debug.xcconfig */;
			buildSettings = {
				ALWAYS_EMBED_SWIFT_STANDARD_LIBRARIES = YES;
				BUNDLE_LOADER = "$(TEST_HOST)";
				CODE_SIGN_STYLE = Automatic;
				INFOPLIST_FILE = fitsmerightTests/Info.plist;
				LD_RUNPATH_SEARCH_PATHS = (
					"$(inherited)",
					"@executable_path/Frameworks",
					"@loader_path/Frameworks",
				);
				PRODUCT_BUNDLE_IDENTIFIER = com.fitsmerightTests;
				PRODUCT_NAME = "$(TARGET_NAME)";
				SWIFT_VERSION = 4.2;
				TARGETED_DEVICE_FAMILY = "1,2";
				TEST_HOST = "$(BUILT_PRODUCTS_DIR)/fitsmeright.app/fitsmeright";
			};
			name = Debug;
		};
		5E74DA2621BBACAA00A97A89 /* Release */ = {
			isa = XCBuildConfiguration;
			baseConfigurationReference = 72AF5AC3A3815243CAE96B6A /* Pods-fitsmerightTests.release.xcconfig */;
			buildSettings = {
				ALWAYS_EMBED_SWIFT_STANDARD_LIBRARIES = YES;
				BUNDLE_LOADER = "$(TEST_HOST)";
				CODE_SIGN_STYLE = Automatic;
				INFOPLIST_FILE = fitsmerightTests/Info.plist;
				LD_RUNPATH_SEARCH_PATHS = (
					"$(inherited)",
					"@executable_path/Frameworks",
					"@loader_path/Frameworks",
				);
				PRODUCT_BUNDLE_IDENTIFIER = com.fitsmerightTests;
				PRODUCT_NAME = "$(TARGET_NAME)";
				SWIFT_VERSION = 4.2;
				TARGETED_DEVICE_FAMILY = "1,2";
				TEST_HOST = "$(BUILT_PRODUCTS_DIR)/fitsmeright.app/fitsmeright";
			};
			name = Release;
		};
		5E74DA2821BBACAA00A97A89 /* Debug */ = {
			isa = XCBuildConfiguration;
			baseConfigurationReference = B4DF961751964A701D834B17 /* Pods-fitsmerightUITests.debug.xcconfig */;
			buildSettings = {
				ALWAYS_EMBED_SWIFT_STANDARD_LIBRARIES = YES;
				CODE_SIGN_STYLE = Automatic;
				INFOPLIST_FILE = fitsmerightUITests/Info.plist;
				LD_RUNPATH_SEARCH_PATHS = (
					"$(inherited)",
					"@executable_path/Frameworks",
					"@loader_path/Frameworks",
				);
				PRODUCT_BUNDLE_IDENTIFIER = com.fitsmerightUITests;
				PRODUCT_NAME = "$(TARGET_NAME)";
				SWIFT_VERSION = 4.2;
				TARGETED_DEVICE_FAMILY = "1,2";
				TEST_TARGET_NAME = fitsmeright;
			};
			name = Debug;
		};
		5E74DA2921BBACAA00A97A89 /* Release */ = {
			isa = XCBuildConfiguration;
			baseConfigurationReference = C9E7AEF286ED84FFE2C27408 /* Pods-fitsmerightUITests.release.xcconfig */;
			buildSettings = {
				ALWAYS_EMBED_SWIFT_STANDARD_LIBRARIES = YES;
				CODE_SIGN_STYLE = Automatic;
				INFOPLIST_FILE = fitsmerightUITests/Info.plist;
				LD_RUNPATH_SEARCH_PATHS = (
					"$(inherited)",
					"@executable_path/Frameworks",
					"@loader_path/Frameworks",
				);
				PRODUCT_BUNDLE_IDENTIFIER = com.fitsmerightUITests;
				PRODUCT_NAME = "$(TARGET_NAME)";
				SWIFT_VERSION = 4.2;
				TARGETED_DEVICE_FAMILY = "1,2";
				TEST_TARGET_NAME = fitsmeright;
			};
			name = Release;
		};
/* End XCBuildConfiguration section */

/* Begin XCConfigurationList section */
		5E74D9F421BBACA900A97A89 /* Build configuration list for PBXProject "fitsmeright" */ = {
			isa = XCConfigurationList;
			buildConfigurations = (
				5E74DA1F21BBACAA00A97A89 /* Debug */,
				5E74DA2021BBACAA00A97A89 /* Release */,
			);
			defaultConfigurationIsVisible = 0;
			defaultConfigurationName = Release;
		};
		5E74DA2121BBACAA00A97A89 /* Build configuration list for PBXNativeTarget "fitsmeright" */ = {
			isa = XCConfigurationList;
			buildConfigurations = (
				5E74DA2221BBACAA00A97A89 /* Debug */,
				5E74DA2321BBACAA00A97A89 /* Release */,
			);
			defaultConfigurationIsVisible = 0;
			defaultConfigurationName = Release;
		};
		5E74DA2421BBACAA00A97A89 /* Build configuration list for PBXNativeTarget "fitsmerightTests" */ = {
			isa = XCConfigurationList;
			buildConfigurations = (
				5E74DA2521BBACAA00A97A89 /* Debug */,
				5E74DA2621BBACAA00A97A89 /* Release */,
			);
			defaultConfigurationIsVisible = 0;
			defaultConfigurationName = Release;
		};
		5E74DA2721BBACAA00A97A89 /* Build configuration list for PBXNativeTarget "fitsmerightUITests" */ = {
			isa = XCConfigurationList;
			buildConfigurations = (
				5E74DA2821BBACAA00A97A89 /* Debug */,
				5E74DA2921BBACAA00A97A89 /* Release */,
			);
			defaultConfigurationIsVisible = 0;
			defaultConfigurationName = Release;
		};
/* End XCConfigurationList section */
	};
	rootObject = 5E74D9F121BBACA900A97A89 /* Project object */;
}
